// !$*UTF8*$!
{
	archiveVersion = 1;
	classes = {
	};
	objectVersion = 48;
	objects = {

/* Begin PBXBuildFile section */
		D00069D4200BD08300E8D5F3 /* AppDelegate.swift in Sources */ = {isa = PBXBuildFile; fileRef = D00069D3200BD08300E8D5F3 /* AppDelegate.swift */; };
		D00069DB200BD08300E8D5F3 /* Assets.xcassets in Resources */ = {isa = PBXBuildFile; fileRef = D00069DA200BD08300E8D5F3 /* Assets.xcassets */; };
		D00069DE200BD08300E8D5F3 /* LaunchScreen.storyboard in Resources */ = {isa = PBXBuildFile; fileRef = D00069DC200BD08300E8D5F3 /* LaunchScreen.storyboard */; };
		D00069E9200BD08300E8D5F3 /* HandlesRound1Tests.swift in Sources */ = {isa = PBXBuildFile; fileRef = D00069E8200BD08300E8D5F3 /* HandlesRound1Tests.swift */; };
		D00069F4200BD08300E8D5F3 /* HandlesRound1UITests.swift in Sources */ = {isa = PBXBuildFile; fileRef = D00069F3200BD08300E8D5F3 /* HandlesRound1UITests.swift */; };
		D0051E26201D2BC900C0128A /* PageViewController.swift in Sources */ = {isa = PBXBuildFile; fileRef = D0051E25201D2BC900C0128A /* PageViewController.swift */; };
		D0326763207FFE3800BBF563 /* HandlesCoreTests.swift in Sources */ = {isa = PBXBuildFile; fileRef = D0326762207FFE3800BBF563 /* HandlesCoreTests.swift */; };
		D03267952082DE8D00BBF563 /* GraphicsCore.swift in Sources */ = {isa = PBXBuildFile; fileRef = D03267942082DE8D00BBF563 /* GraphicsCore.swift */; };
		D03267962082DE8D00BBF563 /* GraphicsCore.swift in Sources */ = {isa = PBXBuildFile; fileRef = D03267942082DE8D00BBF563 /* GraphicsCore.swift */; };
		D03E03DA20124DB8002D47F3 /* Testing.swift in Sources */ = {isa = PBXBuildFile; fileRef = D03E03D920124DB8002D47F3 /* Testing.swift */; };
		D03E040020125DF8002D47F3 /* Sprite2DView.swift in Sources */ = {isa = PBXBuildFile; fileRef = D03E03F720125DF8002D47F3 /* Sprite2DView.swift */; };
		D03E040320125DF8002D47F3 /* DrawingPrimitives.swift in Sources */ = {isa = PBXBuildFile; fileRef = D03E03FB20125DF8002D47F3 /* DrawingPrimitives.swift */; };
		D03E040620125DF8002D47F3 /* Info.plist in Resources */ = {isa = PBXBuildFile; fileRef = D03E03FE20125DF8002D47F3 /* Info.plist */; };
		D04153C2202B7CA300BD7B72 /* Array+CGPoint+Utility.swift in Sources */ = {isa = PBXBuildFile; fileRef = D04153C1202B7CA300BD7B72 /* Array+CGPoint+Utility.swift */; };
		D04A73752022B4C900C46501 /* NonuniformModel2D.swift in Sources */ = {isa = PBXBuildFile; fileRef = D04A73742022B4C900C46501 /* NonuniformModel2D.swift */; };
		D04F8DC520475F2000929849 /* ScaffViewCore.swift in Sources */ = {isa = PBXBuildFile; fileRef = D04F8DC420475F2000929849 /* ScaffViewCore.swift */; };
		D056A3992015696A00C3B3B1 /* TwoMeterModel.swift in Sources */ = {isa = PBXBuildFile; fileRef = D056A3982015696A00C3B3B1 /* TwoMeterModel.swift */; };
		D056A39E20177F0B00C3B3B1 /* Grid.swift in Sources */ = {isa = PBXBuildFile; fileRef = D056A39C20177F0B00C3B3B1 /* Grid.swift */; };
		D056A39F20177F0B00C3B3B1 /* PlanModel.swift in Sources */ = {isa = PBXBuildFile; fileRef = D056A39D20177F0B00C3B3B1 /* PlanModel.swift */; };
		D08A6F93202AA58E00EF9E68 /* EdgeToGeometry.swift in Sources */ = {isa = PBXBuildFile; fileRef = D08A6F92202AA58E00EF9E68 /* EdgeToGeometry.swift */; };
		D08F42FB208BBB0400F393D6 /* UIKit+Grasshopper.swift in Sources */ = {isa = PBXBuildFile; fileRef = D08F42FA208BBB0400F393D6 /* UIKit+Grasshopper.swift */; };
		D0915FAB208901DD0067C02A /* GraphicsCoreTests.swift in Sources */ = {isa = PBXBuildFile; fileRef = D0915FAA208901DD0067C02A /* GraphicsCoreTests.swift */; };
		D0915FCF2089027C0067C02A /* GraphicsCore.swift in Sources */ = {isa = PBXBuildFile; fileRef = D03267942082DE8D00BBF563 /* GraphicsCore.swift */; };
		D093209A20113DCB007BFCC3 /* MultipleLayouts.swift in Sources */ = {isa = PBXBuildFile; fileRef = D0931FD720113DCA007BFCC3 /* MultipleLayouts.swift */; };
		D093209D20113DCB007BFCC3 /* Layout-Logging.swift in Sources */ = {isa = PBXBuildFile; fileRef = D0931FDA20113DCA007BFCC3 /* Layout-Logging.swift */; };
		D093215120113DCB007BFCC3 /* Layout.swift in Sources */ = {isa = PBXBuildFile; fileRef = D093209420113DCB007BFCC3 /* Layout.swift */; };
		D093215220113DCB007BFCC3 /* MarginLayout.swift in Sources */ = {isa = PBXBuildFile; fileRef = D093209520113DCB007BFCC3 /* MarginLayout.swift */; };
		D093215320113DCB007BFCC3 /* BackgroundLayoutSimple.swift in Sources */ = {isa = PBXBuildFile; fileRef = D093209620113DCB007BFCC3 /* BackgroundLayoutSimple.swift */; };
		D093215420113DCB007BFCC3 /* MarginIntrinsicSizeLayout.swift in Sources */ = {isa = PBXBuildFile; fileRef = D093209820113DCB007BFCC3 /* MarginIntrinsicSizeLayout.swift */; };
		D093215820114134007BFCC3 /* AnyLayout.swift in Sources */ = {isa = PBXBuildFile; fileRef = D093215720114134007BFCC3 /* AnyLayout.swift */; };
		D09C3C43206B32370053EE2A /* App.swift in Sources */ = {isa = PBXBuildFile; fileRef = D09C3C42206B32370053EE2A /* App.swift */; };
		D0A6EDF820745DE600C644F0 /* SelectionCore.swift in Sources */ = {isa = PBXBuildFile; fileRef = D0A6EDF720745DE600C644F0 /* SelectionCore.swift */; };
		D0A8B9C220BC9AC600D4C301 /* Environment.swift in Sources */ = {isa = PBXBuildFile; fileRef = D0A8B9C120BC9AC500D4C301 /* Environment.swift */; };
		D0B218D0201F6491004684FC /* Vertical+HorizontalController.swift in Sources */ = {isa = PBXBuildFile; fileRef = D0B218CF201F6491004684FC /* Vertical+HorizontalController.swift */; };
		D0B218D220215E90004684FC /* Media.xcassets in Resources */ = {isa = PBXBuildFile; fileRef = D0B218D120215E8F004684FC /* Media.xcassets */; };
		D0B5EC1A2048E79500EAC94F /* GraphCore.swift in Sources */ = {isa = PBXBuildFile; fileRef = D0B5EC192048E79500EAC94F /* GraphCore.swift */; };
		D0B5EC1C2048E8BD00EAC94F /* SliceCore.swift in Sources */ = {isa = PBXBuildFile; fileRef = D0B5EC1B2048E8BD00EAC94F /* SliceCore.swift */; };
		D0B69D262043632D00AEA01B /* GameScene.sks in Resources */ = {isa = PBXBuildFile; fileRef = D0B69D252043632D00AEA01B /* GameScene.sks */; };
		D0B86C65202FC09200CCB3F7 /* ViewFunctions.swift in Sources */ = {isa = PBXBuildFile; fileRef = D0B86C64202FC09200CCB3F7 /* ViewFunctions.swift */; };
		D0BAD735204228F700406E70 /* ViewComposite.swift in Sources */ = {isa = PBXBuildFile; fileRef = D0BAD734204228F700406E70 /* ViewComposite.swift */; };
		D0BCAFBB201CDC4300C4EAA5 /* SpriteScaffViewController.swift in Sources */ = {isa = PBXBuildFile; fileRef = D0BCAFBA201CDC4300C4EAA5 /* SpriteScaffViewController.swift */; };
		D0DA9BB92039E1C60019F6EE /* TexturedView+SKSpriteNode.swift in Sources */ = {isa = PBXBuildFile; fileRef = D0DA9BB82039E1C60019F6EE /* TexturedView+SKSpriteNode.swift */; };
		D0DA9BBB203A666A0019F6EE /* PrimitiveFunctions.swift in Sources */ = {isa = PBXBuildFile; fileRef = D0DA9BBA203A666A0019F6EE /* PrimitiveFunctions.swift */; };
		D0DE1BB12089394300775312 /* Primitive+UIKit.swift in Sources */ = {isa = PBXBuildFile; fileRef = D0DE1BB02089394300775312 /* Primitive+UIKit.swift */; };
		D0DE1BB32089411B00775312 /* Primitive+SpriteKit.swift in Sources */ = {isa = PBXBuildFile; fileRef = D0DE1BB22089411B00775312 /* Primitive+SpriteKit.swift */; };
		D0ECD78620B9E59700C3F6D0 /* GrippableView.framework in Frameworks */ = {isa = PBXBuildFile; fileRef = D0ECD78520B9E59700C3F6D0 /* GrippableView.framework */; };
		D0ECD78820B9E59E00C3F6D0 /* Geo.framework in Frameworks */ = {isa = PBXBuildFile; fileRef = D0ECD78720B9E59E00C3F6D0 /* Geo.framework */; };
		D0ECD78A20B9E5A400C3F6D0 /* Singalong.framework in Frameworks */ = {isa = PBXBuildFile; fileRef = D0ECD78920B9E5A400C3F6D0 /* Singalong.framework */; };
		D0ECD78C20B9F0B300C3F6D0 /* HandlesView.swift in Sources */ = {isa = PBXBuildFile; fileRef = D0ECD78B20B9F0B300C3F6D0 /* HandlesView.swift */; };
		D0ECD79320B9F12800C3F6D0 /* EdgeAlignments.swift in Sources */ = {isa = PBXBuildFile; fileRef = D0ECD78E20B9F12700C3F6D0 /* EdgeAlignments.swift */; };
		D0ECD79420B9F12800C3F6D0 /* HandlesViewCore.swift in Sources */ = {isa = PBXBuildFile; fileRef = D0ECD78F20B9F12700C3F6D0 /* HandlesViewCore.swift */; };
		D0ECD79520B9F12800C3F6D0 /* RectIndex.swift in Sources */ = {isa = PBXBuildFile; fileRef = D0ECD79020B9F12700C3F6D0 /* RectIndex.swift */; };
		D0ECD79620B9F12800C3F6D0 /* EdgePosition.swift in Sources */ = {isa = PBXBuildFile; fileRef = D0ECD79120B9F12700C3F6D0 /* EdgePosition.swift */; };
		D0ECD79720B9F12800C3F6D0 /* TensionedPoint.swift in Sources */ = {isa = PBXBuildFile; fileRef = D0ECD79220B9F12700C3F6D0 /* TensionedPoint.swift */; };
		D0ECD79920B9F21D00C3F6D0 /* CGRect+Inset.swift in Sources */ = {isa = PBXBuildFile; fileRef = D0ECD79820B9F21D00C3F6D0 /* CGRect+Inset.swift */; };
		D0FB935F20277CCB00265740 /* Graph.swift in Sources */ = {isa = PBXBuildFile; fileRef = D0FB935E20277CCB00265740 /* Graph.swift */; };
		D0FC06232049DE6200175F06 /* ScaffGraphCore.swift in Sources */ = {isa = PBXBuildFile; fileRef = D0FC06222049DE6200175F06 /* ScaffGraphCore.swift */; };
		D0FC06252049DEE500175F06 /* ScaffGraph.swift in Sources */ = {isa = PBXBuildFile; fileRef = D0FC06242049DEE500175F06 /* ScaffGraph.swift */; };
/* End PBXBuildFile section */

/* Begin PBXContainerItemProxy section */
		D00069E5200BD08300E8D5F3 /* PBXContainerItemProxy */ = {
			isa = PBXContainerItemProxy;
			containerPortal = D00069C8200BD08300E8D5F3 /* Project object */;
			proxyType = 1;
			remoteGlobalIDString = D00069CF200BD08300E8D5F3;
			remoteInfo = HandlesRound1;
		};
		D00069F0200BD08300E8D5F3 /* PBXContainerItemProxy */ = {
			isa = PBXContainerItemProxy;
			containerPortal = D00069C8200BD08300E8D5F3 /* Project object */;
			proxyType = 1;
			remoteGlobalIDString = D00069CF200BD08300E8D5F3;
			remoteInfo = HandlesRound1;
		};
		D0326765207FFE3900BBF563 /* PBXContainerItemProxy */ = {
			isa = PBXContainerItemProxy;
			containerPortal = D00069C8200BD08300E8D5F3 /* Project object */;
			proxyType = 1;
			remoteGlobalIDString = D00069CF200BD08300E8D5F3;
			remoteInfo = HandlesRound1;
		};
		D0915FAD208901DD0067C02A /* PBXContainerItemProxy */ = {
			isa = PBXContainerItemProxy;
			containerPortal = D00069C8200BD08300E8D5F3 /* Project object */;
			proxyType = 1;
			remoteGlobalIDString = D00069CF200BD08300E8D5F3;
			remoteInfo = HandlesRound1;
		};
/* End PBXContainerItemProxy section */

/* Begin PBXFileReference section */
		D00069D0200BD08300E8D5F3 /* HandlesRound1.app */ = {isa = PBXFileReference; explicitFileType = wrapper.application; includeInIndex = 0; path = HandlesRound1.app; sourceTree = BUILT_PRODUCTS_DIR; };
		D00069D3200BD08300E8D5F3 /* AppDelegate.swift */ = {isa = PBXFileReference; lastKnownFileType = sourcecode.swift; path = AppDelegate.swift; sourceTree = "<group>"; };
		D00069DA200BD08300E8D5F3 /* Assets.xcassets */ = {isa = PBXFileReference; lastKnownFileType = folder.assetcatalog; path = Assets.xcassets; sourceTree = "<group>"; };
		D00069DD200BD08300E8D5F3 /* Base */ = {isa = PBXFileReference; lastKnownFileType = file.storyboard; name = Base; path = Base.lproj/LaunchScreen.storyboard; sourceTree = "<group>"; };
		D00069DF200BD08300E8D5F3 /* Info.plist */ = {isa = PBXFileReference; lastKnownFileType = text.plist; name = Info.plist; path = "/Users/justin/Dropbox/Developer/To Delete at some point/HandlesRound1/HandlesRound1/Other Stuff/Info.plist"; sourceTree = "<absolute>"; };
		D00069E4200BD08300E8D5F3 /* HandlesRound1Tests.xctest */ = {isa = PBXFileReference; explicitFileType = wrapper.cfbundle; includeInIndex = 0; path = HandlesRound1Tests.xctest; sourceTree = BUILT_PRODUCTS_DIR; };
		D00069E8200BD08300E8D5F3 /* HandlesRound1Tests.swift */ = {isa = PBXFileReference; lastKnownFileType = sourcecode.swift; path = HandlesRound1Tests.swift; sourceTree = "<group>"; };
		D00069EA200BD08300E8D5F3 /* Info.plist */ = {isa = PBXFileReference; lastKnownFileType = text.plist.xml; path = Info.plist; sourceTree = "<group>"; };
		D00069EF200BD08300E8D5F3 /* HandlesRound1UITests.xctest */ = {isa = PBXFileReference; explicitFileType = wrapper.cfbundle; includeInIndex = 0; path = HandlesRound1UITests.xctest; sourceTree = BUILT_PRODUCTS_DIR; };
		D00069F3200BD08300E8D5F3 /* HandlesRound1UITests.swift */ = {isa = PBXFileReference; lastKnownFileType = sourcecode.swift; path = HandlesRound1UITests.swift; sourceTree = "<group>"; };
		D00069F5200BD08300E8D5F3 /* Info.plist */ = {isa = PBXFileReference; lastKnownFileType = text.plist.xml; path = Info.plist; sourceTree = "<group>"; };
		D0051E25201D2BC900C0128A /* PageViewController.swift */ = {isa = PBXFileReference; lastKnownFileType = sourcecode.swift; path = PageViewController.swift; sourceTree = SOURCE_ROOT; };
		D0326760207FFE3800BBF563 /* HandlesRound1Tests2.xctest */ = {isa = PBXFileReference; explicitFileType = wrapper.cfbundle; includeInIndex = 0; path = HandlesRound1Tests2.xctest; sourceTree = BUILT_PRODUCTS_DIR; };
		D0326762207FFE3800BBF563 /* HandlesCoreTests.swift */ = {isa = PBXFileReference; lastKnownFileType = sourcecode.swift; path = HandlesCoreTests.swift; sourceTree = "<group>"; };
		D0326764207FFE3800BBF563 /* Info.plist */ = {isa = PBXFileReference; lastKnownFileType = text.plist.xml; path = Info.plist; sourceTree = "<group>"; };
		D03267942082DE8D00BBF563 /* GraphicsCore.swift */ = {isa = PBXFileReference; lastKnownFileType = sourcecode.swift; name = GraphicsCore.swift; path = HandlesRound1/GraphicsCore.swift; sourceTree = SOURCE_ROOT; };
		D03E03D920124DB8002D47F3 /* Testing.swift */ = {isa = PBXFileReference; lastKnownFileType = sourcecode.swift; path = Testing.swift; sourceTree = "<group>"; };
		D03E03F720125DF8002D47F3 /* Sprite2DView.swift */ = {isa = PBXFileReference; fileEncoding = 4; lastKnownFileType = sourcecode.swift; path = Sprite2DView.swift; sourceTree = "<group>"; };
		D03E03FB20125DF8002D47F3 /* DrawingPrimitives.swift */ = {isa = PBXFileReference; fileEncoding = 4; lastKnownFileType = sourcecode.swift; path = DrawingPrimitives.swift; sourceTree = "<group>"; };
		D03E03FE20125DF8002D47F3 /* Info.plist */ = {isa = PBXFileReference; fileEncoding = 4; lastKnownFileType = text.plist.xml; path = Info.plist; sourceTree = "<group>"; };
		D04153C1202B7CA300BD7B72 /* Array+CGPoint+Utility.swift */ = {isa = PBXFileReference; lastKnownFileType = sourcecode.swift; path = "Array+CGPoint+Utility.swift"; sourceTree = "<group>"; };
		D04A73742022B4C900C46501 /* NonuniformModel2D.swift */ = {isa = PBXFileReference; lastKnownFileType = sourcecode.swift; path = NonuniformModel2D.swift; sourceTree = "<group>"; };
		D04F8DC420475F2000929849 /* ScaffViewCore.swift */ = {isa = PBXFileReference; lastKnownFileType = sourcecode.swift; path = ScaffViewCore.swift; sourceTree = "<group>"; };
		D056A3982015696A00C3B3B1 /* TwoMeterModel.swift */ = {isa = PBXFileReference; lastKnownFileType = sourcecode.swift; path = TwoMeterModel.swift; sourceTree = "<group>"; };
		D056A39C20177F0B00C3B3B1 /* Grid.swift */ = {isa = PBXFileReference; fileEncoding = 4; lastKnownFileType = sourcecode.swift; path = Grid.swift; sourceTree = "<group>"; };
		D056A39D20177F0B00C3B3B1 /* PlanModel.swift */ = {isa = PBXFileReference; fileEncoding = 4; lastKnownFileType = sourcecode.swift; path = PlanModel.swift; sourceTree = "<group>"; };
		D08A6F92202AA58E00EF9E68 /* EdgeToGeometry.swift */ = {isa = PBXFileReference; fileEncoding = 4; lastKnownFileType = sourcecode.swift; path = EdgeToGeometry.swift; sourceTree = "<group>"; };
		D08F42FA208BBB0400F393D6 /* UIKit+Grasshopper.swift */ = {isa = PBXFileReference; lastKnownFileType = sourcecode.swift; name = "UIKit+Grasshopper.swift"; path = "GrasshopperRound2/UIKit+Grasshopper.swift"; sourceTree = SOURCE_ROOT; };
		D0915FA8208901DD0067C02A /* GraphicsCoreTests.xctest */ = {isa = PBXFileReference; explicitFileType = wrapper.cfbundle; includeInIndex = 0; path = GraphicsCoreTests.xctest; sourceTree = BUILT_PRODUCTS_DIR; };
		D0915FAA208901DD0067C02A /* GraphicsCoreTests.swift */ = {isa = PBXFileReference; lastKnownFileType = sourcecode.swift; path = GraphicsCoreTests.swift; sourceTree = "<group>"; };
		D0915FAC208901DD0067C02A /* Info.plist */ = {isa = PBXFileReference; lastKnownFileType = text.plist.xml; path = Info.plist; sourceTree = "<group>"; };
		D0931FD720113DCA007BFCC3 /* MultipleLayouts.swift */ = {isa = PBXFileReference; fileEncoding = 4; lastKnownFileType = sourcecode.swift; path = MultipleLayouts.swift; sourceTree = "<group>"; };
		D0931FDA20113DCA007BFCC3 /* Layout-Logging.swift */ = {isa = PBXFileReference; fileEncoding = 4; lastKnownFileType = sourcecode.swift; path = "Layout-Logging.swift"; sourceTree = "<group>"; };
		D093209420113DCB007BFCC3 /* Layout.swift */ = {isa = PBXFileReference; fileEncoding = 4; lastKnownFileType = sourcecode.swift; path = Layout.swift; sourceTree = "<group>"; };
		D093209520113DCB007BFCC3 /* MarginLayout.swift */ = {isa = PBXFileReference; fileEncoding = 4; lastKnownFileType = sourcecode.swift; path = MarginLayout.swift; sourceTree = "<group>"; };
		D093209620113DCB007BFCC3 /* BackgroundLayoutSimple.swift */ = {isa = PBXFileReference; fileEncoding = 4; lastKnownFileType = sourcecode.swift; path = BackgroundLayoutSimple.swift; sourceTree = "<group>"; };
		D093209820113DCB007BFCC3 /* MarginIntrinsicSizeLayout.swift */ = {isa = PBXFileReference; fileEncoding = 4; lastKnownFileType = sourcecode.swift; path = MarginIntrinsicSizeLayout.swift; sourceTree = "<group>"; };
		D093215720114134007BFCC3 /* AnyLayout.swift */ = {isa = PBXFileReference; fileEncoding = 4; lastKnownFileType = sourcecode.swift; path = AnyLayout.swift; sourceTree = "<group>"; };
		D09C3C42206B32370053EE2A /* App.swift */ = {isa = PBXFileReference; lastKnownFileType = sourcecode.swift; path = App.swift; sourceTree = "<group>"; };
		D0A6EDF720745DE600C644F0 /* SelectionCore.swift */ = {isa = PBXFileReference; lastKnownFileType = sourcecode.swift; path = SelectionCore.swift; sourceTree = "<group>"; };
		D0A8B9C120BC9AC500D4C301 /* Environment.swift */ = {isa = PBXFileReference; fileEncoding = 4; lastKnownFileType = sourcecode.swift; path = Environment.swift; sourceTree = SOURCE_ROOT; };
		D0B218CF201F6491004684FC /* Vertical+HorizontalController.swift */ = {isa = PBXFileReference; fileEncoding = 4; lastKnownFileType = sourcecode.swift; path = "Vertical+HorizontalController.swift"; sourceTree = "<group>"; };
		D0B218D120215E8F004684FC /* Media.xcassets */ = {isa = PBXFileReference; lastKnownFileType = folder.assetcatalog; path = Media.xcassets; sourceTree = "<group>"; };
		D0B5EC192048E79500EAC94F /* GraphCore.swift */ = {isa = PBXFileReference; lastKnownFileType = sourcecode.swift; path = GraphCore.swift; sourceTree = "<group>"; };
		D0B5EC1B2048E8BD00EAC94F /* SliceCore.swift */ = {isa = PBXFileReference; lastKnownFileType = sourcecode.swift; path = SliceCore.swift; sourceTree = "<group>"; };
		D0B69D252043632D00AEA01B /* GameScene.sks */ = {isa = PBXFileReference; lastKnownFileType = file.sks; path = GameScene.sks; sourceTree = "<group>"; };
		D0B86C64202FC09200CCB3F7 /* ViewFunctions.swift */ = {isa = PBXFileReference; lastKnownFileType = sourcecode.swift; path = ViewFunctions.swift; sourceTree = "<group>"; };
		D0BAD734204228F700406E70 /* ViewComposite.swift */ = {isa = PBXFileReference; lastKnownFileType = sourcecode.swift; path = ViewComposite.swift; sourceTree = "<group>"; };
		D0BCAFBA201CDC4300C4EAA5 /* SpriteScaffViewController.swift */ = {isa = PBXFileReference; lastKnownFileType = sourcecode.swift; path = SpriteScaffViewController.swift; sourceTree = "<group>"; };
		D0DA9BB82039E1C60019F6EE /* TexturedView+SKSpriteNode.swift */ = {isa = PBXFileReference; lastKnownFileType = sourcecode.swift; path = "TexturedView+SKSpriteNode.swift"; sourceTree = "<group>"; };
		D0DA9BBA203A666A0019F6EE /* PrimitiveFunctions.swift */ = {isa = PBXFileReference; lastKnownFileType = sourcecode.swift; path = PrimitiveFunctions.swift; sourceTree = "<group>"; };
		D0DE1BB02089394300775312 /* Primitive+UIKit.swift */ = {isa = PBXFileReference; lastKnownFileType = sourcecode.swift; path = "Primitive+UIKit.swift"; sourceTree = "<group>"; };
		D0DE1BB22089411B00775312 /* Primitive+SpriteKit.swift */ = {isa = PBXFileReference; fileEncoding = 4; lastKnownFileType = sourcecode.swift; path = "Primitive+SpriteKit.swift"; sourceTree = "<group>"; };
		D0ECD78520B9E59700C3F6D0 /* GrippableView.framework */ = {isa = PBXFileReference; explicitFileType = wrapper.framework; path = GrippableView.framework; sourceTree = BUILT_PRODUCTS_DIR; };
		D0ECD78720B9E59E00C3F6D0 /* Geo.framework */ = {isa = PBXFileReference; explicitFileType = wrapper.framework; path = Geo.framework; sourceTree = BUILT_PRODUCTS_DIR; };
		D0ECD78920B9E5A400C3F6D0 /* Singalong.framework */ = {isa = PBXFileReference; explicitFileType = wrapper.framework; path = Singalong.framework; sourceTree = BUILT_PRODUCTS_DIR; };
		D0ECD78B20B9F0B300C3F6D0 /* HandlesView.swift */ = {isa = PBXFileReference; fileEncoding = 4; lastKnownFileType = sourcecode.swift; path = HandlesView.swift; sourceTree = "<group>"; };
		D0ECD78E20B9F12700C3F6D0 /* EdgeAlignments.swift */ = {isa = PBXFileReference; fileEncoding = 4; lastKnownFileType = sourcecode.swift; path = EdgeAlignments.swift; sourceTree = "<group>"; };
		D0ECD78F20B9F12700C3F6D0 /* HandlesViewCore.swift */ = {isa = PBXFileReference; fileEncoding = 4; lastKnownFileType = sourcecode.swift; path = HandlesViewCore.swift; sourceTree = "<group>"; };
		D0ECD79020B9F12700C3F6D0 /* RectIndex.swift */ = {isa = PBXFileReference; fileEncoding = 4; lastKnownFileType = sourcecode.swift; path = RectIndex.swift; sourceTree = "<group>"; };
		D0ECD79120B9F12700C3F6D0 /* EdgePosition.swift */ = {isa = PBXFileReference; fileEncoding = 4; lastKnownFileType = sourcecode.swift; path = EdgePosition.swift; sourceTree = "<group>"; };
		D0ECD79220B9F12700C3F6D0 /* TensionedPoint.swift */ = {isa = PBXFileReference; fileEncoding = 4; lastKnownFileType = sourcecode.swift; path = TensionedPoint.swift; sourceTree = "<group>"; };
		D0ECD79820B9F21D00C3F6D0 /* CGRect+Inset.swift */ = {isa = PBXFileReference; lastKnownFileType = sourcecode.swift; path = "CGRect+Inset.swift"; sourceTree = "<group>"; };
		D0FB935E20277CCB00265740 /* Graph.swift */ = {isa = PBXFileReference; lastKnownFileType = sourcecode.swift; path = Graph.swift; sourceTree = "<group>"; };
		D0FC06222049DE6200175F06 /* ScaffGraphCore.swift */ = {isa = PBXFileReference; lastKnownFileType = sourcecode.swift; path = ScaffGraphCore.swift; sourceTree = "<group>"; };
		D0FC06242049DEE500175F06 /* ScaffGraph.swift */ = {isa = PBXFileReference; lastKnownFileType = sourcecode.swift; path = ScaffGraph.swift; sourceTree = "<group>"; };
/* End PBXFileReference section */

/* Begin PBXFrameworksBuildPhase section */
		D00069CD200BD08300E8D5F3 /* Frameworks */ = {
			isa = PBXFrameworksBuildPhase;
			buildActionMask = 2147483647;
			files = (
				D0ECD78820B9E59E00C3F6D0 /* Geo.framework in Frameworks */,
				D0ECD78620B9E59700C3F6D0 /* GrippableView.framework in Frameworks */,
				D0ECD78A20B9E5A400C3F6D0 /* Singalong.framework in Frameworks */,
			);
			runOnlyForDeploymentPostprocessing = 0;
		};
		D00069E1200BD08300E8D5F3 /* Frameworks */ = {
			isa = PBXFrameworksBuildPhase;
			buildActionMask = 2147483647;
			files = (
			);
			runOnlyForDeploymentPostprocessing = 0;
		};
		D00069EC200BD08300E8D5F3 /* Frameworks */ = {
			isa = PBXFrameworksBuildPhase;
			buildActionMask = 2147483647;
			files = (
			);
			runOnlyForDeploymentPostprocessing = 0;
		};
		D032675D207FFE3800BBF563 /* Frameworks */ = {
			isa = PBXFrameworksBuildPhase;
			buildActionMask = 2147483647;
			files = (
			);
			runOnlyForDeploymentPostprocessing = 0;
		};
		D0915FA5208901DD0067C02A /* Frameworks */ = {
			isa = PBXFrameworksBuildPhase;
			buildActionMask = 2147483647;
			files = (
			);
			runOnlyForDeploymentPostprocessing = 0;
		};
/* End PBXFrameworksBuildPhase section */

/* Begin PBXGroup section */
		D00069C7200BD08300E8D5F3 = {
			isa = PBXGroup;
			children = (
				D09C3C41206B2C7B0053EE2A /* Graph */,
				D00069D2200BD08300E8D5F3 /* HandlesRound1 */,
				D0B69D252043632D00AEA01B /* GameScene.sks */,
				D0B218D120215E8F004684FC /* Media.xcassets */,
				D00069E7200BD08300E8D5F3 /* HandlesRound1Tests */,
				D00069F2200BD08300E8D5F3 /* HandlesRound1UITests */,
				D0326761207FFE3800BBF563 /* HandlesCoreTests */,
				D0915FA9208901DD0067C02A /* GraphicsCoreTests */,
				D00069D1200BD08300E8D5F3 /* Products */,
				D03E03D920124DB8002D47F3 /* Testing.swift */,
				D0ECD78420B9E59700C3F6D0 /* Frameworks */,
			);
			sourceTree = "<group>";
		};
		D00069D1200BD08300E8D5F3 /* Products */ = {
			isa = PBXGroup;
			children = (
				D00069D0200BD08300E8D5F3 /* HandlesRound1.app */,
				D00069E4200BD08300E8D5F3 /* HandlesRound1Tests.xctest */,
				D00069EF200BD08300E8D5F3 /* HandlesRound1UITests.xctest */,
				D0326760207FFE3800BBF563 /* HandlesRound1Tests2.xctest */,
				D0915FA8208901DD0067C02A /* GraphicsCoreTests.xctest */,
			);
			name = Products;
			sourceTree = "<group>";
		};
		D00069D2200BD08300E8D5F3 /* HandlesRound1 */ = {
			isa = PBXGroup;
			children = (
				D09C3C42206B32370053EE2A /* App.swift */,
				D0A8B9C120BC9AC500D4C301 /* Environment.swift */,
				D0ECD78B20B9F0B300C3F6D0 /* HandlesView.swift */,
				D0ECD78D20B9F12700C3F6D0 /* HandlesView Core */,
				D0A6EDF720745DE600C644F0 /* SelectionCore.swift */,
				D0BCAFBA201CDC4300C4EAA5 /* SpriteScaffViewController.swift */,
				D04F8DC420475F2000929849 /* ScaffViewCore.swift */,
				D03267942082DE8D00BBF563 /* GraphicsCore.swift */,
				D0B69D2420435F3900AEA01B /* SpriteKit */,
				D04153C5202BB18C00BD7B72 /* Model */,
				D0931FD520113DCA007BFCC3 /* Layouts */,
				D03E03F520125DF8002D47F3 /* GrasshopperRound2 */,
				D0AEF45D2013A6FC005F761B /* Other Stuff */,
				D0ECD79820B9F21D00C3F6D0 /* CGRect+Inset.swift */,
			);
			path = HandlesRound1;
			sourceTree = "<group>";
		};
		D00069E7200BD08300E8D5F3 /* HandlesRound1Tests */ = {
			isa = PBXGroup;
			children = (
				D00069E8200BD08300E8D5F3 /* HandlesRound1Tests.swift */,
				D00069EA200BD08300E8D5F3 /* Info.plist */,
			);
			path = HandlesRound1Tests;
			sourceTree = "<group>";
		};
		D00069F2200BD08300E8D5F3 /* HandlesRound1UITests */ = {
			isa = PBXGroup;
			children = (
				D00069F3200BD08300E8D5F3 /* HandlesRound1UITests.swift */,
				D00069F5200BD08300E8D5F3 /* Info.plist */,
			);
			path = HandlesRound1UITests;
			sourceTree = "<group>";
		};
		D0326761207FFE3800BBF563 /* HandlesCoreTests */ = {
			isa = PBXGroup;
			children = (
				D0326762207FFE3800BBF563 /* HandlesCoreTests.swift */,
				D0326764207FFE3800BBF563 /* Info.plist */,
			);
			path = HandlesCoreTests;
			sourceTree = "<group>";
		};
		D03E03F520125DF8002D47F3 /* GrasshopperRound2 */ = {
			isa = PBXGroup;
			children = (
				D0B86C64202FC09200CCB3F7 /* ViewFunctions.swift */,
				D0BAD734204228F700406E70 /* ViewComposite.swift */,
				D03E03FB20125DF8002D47F3 /* DrawingPrimitives.swift */,
				D0DA9BBA203A666A0019F6EE /* PrimitiveFunctions.swift */,
				D08A6F92202AA58E00EF9E68 /* EdgeToGeometry.swift */,
				D0DE1BB02089394300775312 /* Primitive+UIKit.swift */,
				D08F42FA208BBB0400F393D6 /* UIKit+Grasshopper.swift */,
				D0DE1BB22089411B00775312 /* Primitive+SpriteKit.swift */,
				D04153C1202B7CA300BD7B72 /* Array+CGPoint+Utility.swift */,
				D056A3A020177F1000C3B3B1 /* Grids */,
			);
			path = GrasshopperRound2;
			sourceTree = SOURCE_ROOT;
		};
		D04153C5202BB18C00BD7B72 /* Model */ = {
			isa = PBXGroup;
			children = (
				D04A73742022B4C900C46501 /* NonuniformModel2D.swift */,
			);
			path = Model;
			sourceTree = "<group>";
		};
		D056A3A020177F1000C3B3B1 /* Grids */ = {
			isa = PBXGroup;
			children = (
				D056A3982015696A00C3B3B1 /* TwoMeterModel.swift */,
				D056A39C20177F0B00C3B3B1 /* Grid.swift */,
				D056A39D20177F0B00C3B3B1 /* PlanModel.swift */,
			);
			path = Grids;
			sourceTree = "<group>";
		};
		D0915FA9208901DD0067C02A /* GraphicsCoreTests */ = {
			isa = PBXGroup;
			children = (
				D0915FAA208901DD0067C02A /* GraphicsCoreTests.swift */,
				D0915FAC208901DD0067C02A /* Info.plist */,
			);
			path = GraphicsCoreTests;
			sourceTree = "<group>";
		};
		D0931FD520113DCA007BFCC3 /* Layouts */ = {
			isa = PBXGroup;
			children = (
				D0931FD720113DCA007BFCC3 /* MultipleLayouts.swift */,
				D0931FDA20113DCA007BFCC3 /* Layout-Logging.swift */,
				D093209420113DCB007BFCC3 /* Layout.swift */,
				D093209520113DCB007BFCC3 /* MarginLayout.swift */,
				D093215720114134007BFCC3 /* AnyLayout.swift */,
				D093209620113DCB007BFCC3 /* BackgroundLayoutSimple.swift */,
				D093209820113DCB007BFCC3 /* MarginIntrinsicSizeLayout.swift */,
			);
			path = Layouts;
			sourceTree = "<group>";
		};
		D09C3C41206B2C7B0053EE2A /* Graph */ = {
			isa = PBXGroup;
			children = (
				D0FB935E20277CCB00265740 /* Graph.swift */,
				D0B5EC192048E79500EAC94F /* GraphCore.swift */,
				D0FC06242049DEE500175F06 /* ScaffGraph.swift */,
				D0FC06222049DE6200175F06 /* ScaffGraphCore.swift */,
				D0B5EC1B2048E8BD00EAC94F /* SliceCore.swift */,
			);
			path = Graph;
			sourceTree = "<group>";
		};
		D0AEF45D2013A6FC005F761B /* Other Stuff */ = {
			isa = PBXGroup;
			children = (
				D00069D3200BD08300E8D5F3 /* AppDelegate.swift */,
				D03E03FE20125DF8002D47F3 /* Info.plist */,
				D0B218CF201F6491004684FC /* Vertical+HorizontalController.swift */,
				D00069DF200BD08300E8D5F3 /* Info.plist */,
				D00069DC200BD08300E8D5F3 /* LaunchScreen.storyboard */,
				D00069DA200BD08300E8D5F3 /* Assets.xcassets */,
				D0051E25201D2BC900C0128A /* PageViewController.swift */,
			);
			path = "Other Stuff";
			sourceTree = "<group>";
		};
		D0B69D2420435F3900AEA01B /* SpriteKit */ = {
			isa = PBXGroup;
			children = (
				D03E03F720125DF8002D47F3 /* Sprite2DView.swift */,
				D0DA9BB82039E1C60019F6EE /* TexturedView+SKSpriteNode.swift */,
			);
			path = SpriteKit;
			sourceTree = "<group>";
		};
		D0ECD78420B9E59700C3F6D0 /* Frameworks */ = {
			isa = PBXGroup;
			children = (
				D0ECD78920B9E5A400C3F6D0 /* Singalong.framework */,
				D0ECD78520B9E59700C3F6D0 /* GrippableView.framework */,
				D0ECD78720B9E59E00C3F6D0 /* Geo.framework */,
			);
			name = Frameworks;
			sourceTree = "<group>";
		};
		D0ECD78D20B9F12700C3F6D0 /* HandlesView Core */ = {
			isa = PBXGroup;
			children = (
				D0ECD78E20B9F12700C3F6D0 /* EdgeAlignments.swift */,
				D0ECD78F20B9F12700C3F6D0 /* HandlesViewCore.swift */,
				D0ECD79020B9F12700C3F6D0 /* RectIndex.swift */,
				D0ECD79120B9F12700C3F6D0 /* EdgePosition.swift */,
				D0ECD79220B9F12700C3F6D0 /* TensionedPoint.swift */,
			);
			name = "HandlesView Core";
			path = "../../ScrollViewGrower/ScrollViewGrower/Handles View & Dependents/HandlesView Core";
			sourceTree = "<group>";
		};
/* End PBXGroup section */

/* Begin PBXNativeTarget section */
		D00069CF200BD08300E8D5F3 /* HandlesRound1 */ = {
			isa = PBXNativeTarget;
			buildConfigurationList = D00069F8200BD08300E8D5F3 /* Build configuration list for PBXNativeTarget "HandlesRound1" */;
			buildPhases = (
				D00069CC200BD08300E8D5F3 /* Sources */,
				D00069CD200BD08300E8D5F3 /* Frameworks */,
				D00069CE200BD08300E8D5F3 /* Resources */,
			);
			buildRules = (
			);
			dependencies = (
			);
			name = HandlesRound1;
			productName = HandlesRound1;
			productReference = D00069D0200BD08300E8D5F3 /* HandlesRound1.app */;
			productType = "com.apple.product-type.application";
		};
		D00069E3200BD08300E8D5F3 /* HandlesRound1Tests */ = {
			isa = PBXNativeTarget;
			buildConfigurationList = D00069FB200BD08300E8D5F3 /* Build configuration list for PBXNativeTarget "HandlesRound1Tests" */;
			buildPhases = (
				D00069E0200BD08300E8D5F3 /* Sources */,
				D00069E1200BD08300E8D5F3 /* Frameworks */,
				D00069E2200BD08300E8D5F3 /* Resources */,
			);
			buildRules = (
			);
			dependencies = (
				D00069E6200BD08300E8D5F3 /* PBXTargetDependency */,
			);
			name = HandlesRound1Tests;
			productName = HandlesRound1Tests;
			productReference = D00069E4200BD08300E8D5F3 /* HandlesRound1Tests.xctest */;
			productType = "com.apple.product-type.bundle.unit-test";
		};
		D00069EE200BD08300E8D5F3 /* HandlesRound1UITests */ = {
			isa = PBXNativeTarget;
			buildConfigurationList = D00069FE200BD08300E8D5F3 /* Build configuration list for PBXNativeTarget "HandlesRound1UITests" */;
			buildPhases = (
				D00069EB200BD08300E8D5F3 /* Sources */,
				D00069EC200BD08300E8D5F3 /* Frameworks */,
				D00069ED200BD08300E8D5F3 /* Resources */,
			);
			buildRules = (
			);
			dependencies = (
				D00069F1200BD08300E8D5F3 /* PBXTargetDependency */,
			);
			name = HandlesRound1UITests;
			productName = HandlesRound1UITests;
			productReference = D00069EF200BD08300E8D5F3 /* HandlesRound1UITests.xctest */;
			productType = "com.apple.product-type.bundle.ui-testing";
		};
		D032675F207FFE3800BBF563 /* HandlesRound1Tests2 */ = {
			isa = PBXNativeTarget;
			buildConfigurationList = D0326767207FFE3900BBF563 /* Build configuration list for PBXNativeTarget "HandlesRound1Tests2" */;
			buildPhases = (
				D032675C207FFE3800BBF563 /* Sources */,
				D032675D207FFE3800BBF563 /* Frameworks */,
				D032675E207FFE3800BBF563 /* Resources */,
			);
			buildRules = (
			);
			dependencies = (
				D0326766207FFE3900BBF563 /* PBXTargetDependency */,
			);
			name = HandlesRound1Tests2;
			productName = HandlesRound1Tests2;
			productReference = D0326760207FFE3800BBF563 /* HandlesRound1Tests2.xctest */;
			productType = "com.apple.product-type.bundle.unit-test";
		};
		D0915FA7208901DD0067C02A /* GraphicsCoreTests */ = {
			isa = PBXNativeTarget;
			buildConfigurationList = D0915FAF208901DD0067C02A /* Build configuration list for PBXNativeTarget "GraphicsCoreTests" */;
			buildPhases = (
				D0915FA4208901DD0067C02A /* Sources */,
				D0915FA5208901DD0067C02A /* Frameworks */,
				D0915FA6208901DD0067C02A /* Resources */,
			);
			buildRules = (
			);
			dependencies = (
				D0915FAE208901DD0067C02A /* PBXTargetDependency */,
			);
			name = GraphicsCoreTests;
			productName = GraphicsCoreTests;
			productReference = D0915FA8208901DD0067C02A /* GraphicsCoreTests.xctest */;
			productType = "com.apple.product-type.bundle.unit-test";
		};
/* End PBXNativeTarget section */

/* Begin PBXProject section */
		D00069C8200BD08300E8D5F3 /* Project object */ = {
			isa = PBXProject;
			attributes = {
				LastSwiftUpdateCheck = 0940;
				LastUpgradeCheck = 0930;
				ORGANIZATIONNAME = "Justin Smith";
				TargetAttributes = {
					D00069CF200BD08300E8D5F3 = {
						CreatedOnToolsVersion = 9.2;
						ProvisioningStyle = Automatic;
					};
					D00069E3200BD08300E8D5F3 = {
						CreatedOnToolsVersion = 9.2;
						ProvisioningStyle = Automatic;
						TestTargetID = D00069CF200BD08300E8D5F3;
					};
					D00069EE200BD08300E8D5F3 = {
						CreatedOnToolsVersion = 9.2;
						ProvisioningStyle = Automatic;
						TestTargetID = D00069CF200BD08300E8D5F3;
					};
					D032675F207FFE3800BBF563 = {
						CreatedOnToolsVersion = 9.3;
						ProvisioningStyle = Automatic;
						TestTargetID = D00069CF200BD08300E8D5F3;
					};
					D0915FA7208901DD0067C02A = {
						CreatedOnToolsVersion = 9.4;
						ProvisioningStyle = Automatic;
						TestTargetID = D00069CF200BD08300E8D5F3;
					};
				};
			};
			buildConfigurationList = D00069CB200BD08300E8D5F3 /* Build configuration list for PBXProject "HandlesRound1" */;
			compatibilityVersion = "Xcode 8.0";
			developmentRegion = en;
			hasScannedForEncodings = 0;
			knownRegions = (
				en,
				Base,
			);
			mainGroup = D00069C7200BD08300E8D5F3;
			productRefGroup = D00069D1200BD08300E8D5F3 /* Products */;
			projectDirPath = "";
			projectRoot = "";
			targets = (
				D00069CF200BD08300E8D5F3 /* HandlesRound1 */,
				D00069E3200BD08300E8D5F3 /* HandlesRound1Tests */,
				D00069EE200BD08300E8D5F3 /* HandlesRound1UITests */,
				D032675F207FFE3800BBF563 /* HandlesRound1Tests2 */,
				D0915FA7208901DD0067C02A /* GraphicsCoreTests */,
			);
		};
/* End PBXProject section */

/* Begin PBXResourcesBuildPhase section */
		D00069CE200BD08300E8D5F3 /* Resources */ = {
			isa = PBXResourcesBuildPhase;
			buildActionMask = 2147483647;
			files = (
				D00069DE200BD08300E8D5F3 /* LaunchScreen.storyboard in Resources */,
				D00069DB200BD08300E8D5F3 /* Assets.xcassets in Resources */,
				D0B218D220215E90004684FC /* Media.xcassets in Resources */,
				D0B69D262043632D00AEA01B /* GameScene.sks in Resources */,
				D03E040620125DF8002D47F3 /* Info.plist in Resources */,
			);
			runOnlyForDeploymentPostprocessing = 0;
		};
		D00069E2200BD08300E8D5F3 /* Resources */ = {
			isa = PBXResourcesBuildPhase;
			buildActionMask = 2147483647;
			files = (
			);
			runOnlyForDeploymentPostprocessing = 0;
		};
		D00069ED200BD08300E8D5F3 /* Resources */ = {
			isa = PBXResourcesBuildPhase;
			buildActionMask = 2147483647;
			files = (
			);
			runOnlyForDeploymentPostprocessing = 0;
		};
		D032675E207FFE3800BBF563 /* Resources */ = {
			isa = PBXResourcesBuildPhase;
			buildActionMask = 2147483647;
			files = (
			);
			runOnlyForDeploymentPostprocessing = 0;
		};
		D0915FA6208901DD0067C02A /* Resources */ = {
			isa = PBXResourcesBuildPhase;
			buildActionMask = 2147483647;
			files = (
			);
			runOnlyForDeploymentPostprocessing = 0;
		};
/* End PBXResourcesBuildPhase section */

/* Begin PBXSourcesBuildPhase section */
		D00069CC200BD08300E8D5F3 /* Sources */ = {
			isa = PBXSourcesBuildPhase;
			buildActionMask = 2147483647;
			files = (
				D0ECD79620B9F12800C3F6D0 /* EdgePosition.swift in Sources */,
				D08A6F93202AA58E00EF9E68 /* EdgeToGeometry.swift in Sources */,
				D056A39F20177F0B00C3B3B1 /* PlanModel.swift in Sources */,
				D0A6EDF820745DE600C644F0 /* SelectionCore.swift in Sources */,
				D0DA9BBB203A666A0019F6EE /* PrimitiveFunctions.swift in Sources */,
				D0ECD79420B9F12800C3F6D0 /* HandlesViewCore.swift in Sources */,
				D093215820114134007BFCC3 /* AnyLayout.swift in Sources */,
				D00069D4200BD08300E8D5F3 /* AppDelegate.swift in Sources */,
				D093215320113DCB007BFCC3 /* BackgroundLayoutSimple.swift in Sources */,
				D0ECD79520B9F12800C3F6D0 /* RectIndex.swift in Sources */,
				D0FC06232049DE6200175F06 /* ScaffGraphCore.swift in Sources */,
				D0BCAFBB201CDC4300C4EAA5 /* SpriteScaffViewController.swift in Sources */,
				D0B5EC1C2048E8BD00EAC94F /* SliceCore.swift in Sources */,
				D0B218D0201F6491004684FC /* Vertical+HorizontalController.swift in Sources */,
				D056A3992015696A00C3B3B1 /* TwoMeterModel.swift in Sources */,
				D0ECD79320B9F12800C3F6D0 /* EdgeAlignments.swift in Sources */,
				D0B86C65202FC09200CCB3F7 /* ViewFunctions.swift in Sources */,
				D03E040020125DF8002D47F3 /* Sprite2DView.swift in Sources */,
				D0ECD79720B9F12800C3F6D0 /* TensionedPoint.swift in Sources */,
				D0DE1BB12089394300775312 /* Primitive+UIKit.swift in Sources */,
				D04153C2202B7CA300BD7B72 /* Array+CGPoint+Utility.swift in Sources */,
				D08F42FB208BBB0400F393D6 /* UIKit+Grasshopper.swift in Sources */,
				D09C3C43206B32370053EE2A /* App.swift in Sources */,
				D0ECD78C20B9F0B300C3F6D0 /* HandlesView.swift in Sources */,
				D03E040320125DF8002D47F3 /* DrawingPrimitives.swift in Sources */,
				D0FB935F20277CCB00265740 /* Graph.swift in Sources */,
				D093215220113DCB007BFCC3 /* MarginLayout.swift in Sources */,
				D0DA9BB92039E1C60019F6EE /* TexturedView+SKSpriteNode.swift in Sources */,
				D0B5EC1A2048E79500EAC94F /* GraphCore.swift in Sources */,
				D0A8B9C220BC9AC600D4C301 /* Environment.swift in Sources */,
				D093215420113DCB007BFCC3 /* MarginIntrinsicSizeLayout.swift in Sources */,
				D04A73752022B4C900C46501 /* NonuniformModel2D.swift in Sources */,
				D056A39E20177F0B00C3B3B1 /* Grid.swift in Sources */,
				D0DE1BB32089411B00775312 /* Primitive+SpriteKit.swift in Sources */,
				D0051E26201D2BC900C0128A /* PageViewController.swift in Sources */,
				D04F8DC520475F2000929849 /* ScaffViewCore.swift in Sources */,
				D03E03DA20124DB8002D47F3 /* Testing.swift in Sources */,
				D0FC06252049DEE500175F06 /* ScaffGraph.swift in Sources */,
				D093215120113DCB007BFCC3 /* Layout.swift in Sources */,
				D03267952082DE8D00BBF563 /* GraphicsCore.swift in Sources */,
				D093209A20113DCB007BFCC3 /* MultipleLayouts.swift in Sources */,
				D0BAD735204228F700406E70 /* ViewComposite.swift in Sources */,
				D093209D20113DCB007BFCC3 /* Layout-Logging.swift in Sources */,
				D0ECD79920B9F21D00C3F6D0 /* CGRect+Inset.swift in Sources */,
			);
			runOnlyForDeploymentPostprocessing = 0;
		};
		D00069E0200BD08300E8D5F3 /* Sources */ = {
			isa = PBXSourcesBuildPhase;
			buildActionMask = 2147483647;
			files = (
				D00069E9200BD08300E8D5F3 /* HandlesRound1Tests.swift in Sources */,
			);
			runOnlyForDeploymentPostprocessing = 0;
		};
		D00069EB200BD08300E8D5F3 /* Sources */ = {
			isa = PBXSourcesBuildPhase;
			buildActionMask = 2147483647;
			files = (
				D00069F4200BD08300E8D5F3 /* HandlesRound1UITests.swift in Sources */,
			);
			runOnlyForDeploymentPostprocessing = 0;
		};
		D032675C207FFE3800BBF563 /* Sources */ = {
			isa = PBXSourcesBuildPhase;
			buildActionMask = 2147483647;
			files = (
				D0326763207FFE3800BBF563 /* HandlesCoreTests.swift in Sources */,
				D03267962082DE8D00BBF563 /* GraphicsCore.swift in Sources */,
			);
			runOnlyForDeploymentPostprocessing = 0;
		};
		D0915FA4208901DD0067C02A /* Sources */ = {
			isa = PBXSourcesBuildPhase;
			buildActionMask = 2147483647;
			files = (
				D0915FCF2089027C0067C02A /* GraphicsCore.swift in Sources */,
				D0915FAB208901DD0067C02A /* GraphicsCoreTests.swift in Sources */,
			);
			runOnlyForDeploymentPostprocessing = 0;
		};
/* End PBXSourcesBuildPhase section */

/* Begin PBXTargetDependency section */
		D00069E6200BD08300E8D5F3 /* PBXTargetDependency */ = {
			isa = PBXTargetDependency;
			target = D00069CF200BD08300E8D5F3 /* HandlesRound1 */;
			targetProxy = D00069E5200BD08300E8D5F3 /* PBXContainerItemProxy */;
		};
		D00069F1200BD08300E8D5F3 /* PBXTargetDependency */ = {
			isa = PBXTargetDependency;
			target = D00069CF200BD08300E8D5F3 /* HandlesRound1 */;
			targetProxy = D00069F0200BD08300E8D5F3 /* PBXContainerItemProxy */;
		};
		D0326766207FFE3900BBF563 /* PBXTargetDependency */ = {
			isa = PBXTargetDependency;
			target = D00069CF200BD08300E8D5F3 /* HandlesRound1 */;
			targetProxy = D0326765207FFE3900BBF563 /* PBXContainerItemProxy */;
		};
		D0915FAE208901DD0067C02A /* PBXTargetDependency */ = {
			isa = PBXTargetDependency;
			target = D00069CF200BD08300E8D5F3 /* HandlesRound1 */;
			targetProxy = D0915FAD208901DD0067C02A /* PBXContainerItemProxy */;
		};
/* End PBXTargetDependency section */

/* Begin PBXVariantGroup section */
		D00069DC200BD08300E8D5F3 /* LaunchScreen.storyboard */ = {
			isa = PBXVariantGroup;
			children = (
				D00069DD200BD08300E8D5F3 /* Base */,
			);
			name = LaunchScreen.storyboard;
			sourceTree = "<group>";
		};
/* End PBXVariantGroup section */

/* Begin XCBuildConfiguration section */
		D00069F6200BD08300E8D5F3 /* Debug */ = {
			isa = XCBuildConfiguration;
			buildSettings = {
				ALWAYS_SEARCH_USER_PATHS = NO;
				CLANG_ANALYZER_NONNULL = YES;
				CLANG_ANALYZER_NUMBER_OBJECT_CONVERSION = YES_AGGRESSIVE;
				CLANG_CXX_LANGUAGE_STANDARD = "gnu++14";
				CLANG_CXX_LIBRARY = "libc++";
				CLANG_ENABLE_MODULES = YES;
				CLANG_ENABLE_OBJC_ARC = YES;
				CLANG_WARN_BLOCK_CAPTURE_AUTORELEASING = YES;
				CLANG_WARN_BOOL_CONVERSION = YES;
				CLANG_WARN_COMMA = YES;
				CLANG_WARN_CONSTANT_CONVERSION = YES;
				CLANG_WARN_DEPRECATED_OBJC_IMPLEMENTATIONS = YES;
				CLANG_WARN_DIRECT_OBJC_ISA_USAGE = YES_ERROR;
				CLANG_WARN_DOCUMENTATION_COMMENTS = YES;
				CLANG_WARN_EMPTY_BODY = YES;
				CLANG_WARN_ENUM_CONVERSION = YES;
				CLANG_WARN_INFINITE_RECURSION = YES;
				CLANG_WARN_INT_CONVERSION = YES;
				CLANG_WARN_NON_LITERAL_NULL_CONVERSION = YES;
				CLANG_WARN_OBJC_IMPLICIT_RETAIN_SELF = YES;
				CLANG_WARN_OBJC_LITERAL_CONVERSION = YES;
				CLANG_WARN_OBJC_ROOT_CLASS = YES_ERROR;
				CLANG_WARN_RANGE_LOOP_ANALYSIS = YES;
				CLANG_WARN_STRICT_PROTOTYPES = YES;
				CLANG_WARN_SUSPICIOUS_MOVE = YES;
				CLANG_WARN_UNGUARDED_AVAILABILITY = YES_AGGRESSIVE;
				CLANG_WARN_UNREACHABLE_CODE = YES;
				CLANG_WARN__DUPLICATE_METHOD_MATCH = YES;
				CODE_SIGN_IDENTITY = "iPhone Developer";
				COPY_PHASE_STRIP = NO;
				DEBUG_INFORMATION_FORMAT = dwarf;
				ENABLE_STRICT_OBJC_MSGSEND = YES;
				ENABLE_TESTABILITY = YES;
				GCC_C_LANGUAGE_STANDARD = gnu11;
				GCC_DYNAMIC_NO_PIC = NO;
				GCC_NO_COMMON_BLOCKS = YES;
				GCC_OPTIMIZATION_LEVEL = 0;
				GCC_PREPROCESSOR_DEFINITIONS = (
					"DEBUG=1",
					"$(inherited)",
				);
				GCC_WARN_64_TO_32_BIT_CONVERSION = YES;
				GCC_WARN_ABOUT_RETURN_TYPE = YES_ERROR;
				GCC_WARN_UNDECLARED_SELECTOR = YES;
				GCC_WARN_UNINITIALIZED_AUTOS = YES_AGGRESSIVE;
				GCC_WARN_UNUSED_FUNCTION = YES;
				GCC_WARN_UNUSED_VARIABLE = YES;
				IPHONEOS_DEPLOYMENT_TARGET = 11.2;
				MTL_ENABLE_DEBUG_INFO = YES;
				ONLY_ACTIVE_ARCH = YES;
				SDKROOT = iphoneos;
				SWIFT_ACTIVE_COMPILATION_CONDITIONS = DEBUG;
				SWIFT_OPTIMIZATION_LEVEL = "-Onone";
			};
			name = Debug;
		};
		D00069F7200BD08300E8D5F3 /* Release */ = {
			isa = XCBuildConfiguration;
			buildSettings = {
				ALWAYS_SEARCH_USER_PATHS = NO;
				CLANG_ANALYZER_NONNULL = YES;
				CLANG_ANALYZER_NUMBER_OBJECT_CONVERSION = YES_AGGRESSIVE;
				CLANG_CXX_LANGUAGE_STANDARD = "gnu++14";
				CLANG_CXX_LIBRARY = "libc++";
				CLANG_ENABLE_MODULES = YES;
				CLANG_ENABLE_OBJC_ARC = YES;
				CLANG_WARN_BLOCK_CAPTURE_AUTORELEASING = YES;
				CLANG_WARN_BOOL_CONVERSION = YES;
				CLANG_WARN_COMMA = YES;
				CLANG_WARN_CONSTANT_CONVERSION = YES;
				CLANG_WARN_DEPRECATED_OBJC_IMPLEMENTATIONS = YES;
				CLANG_WARN_DIRECT_OBJC_ISA_USAGE = YES_ERROR;
				CLANG_WARN_DOCUMENTATION_COMMENTS = YES;
				CLANG_WARN_EMPTY_BODY = YES;
				CLANG_WARN_ENUM_CONVERSION = YES;
				CLANG_WARN_INFINITE_RECURSION = YES;
				CLANG_WARN_INT_CONVERSION = YES;
				CLANG_WARN_NON_LITERAL_NULL_CONVERSION = YES;
				CLANG_WARN_OBJC_IMPLICIT_RETAIN_SELF = YES;
				CLANG_WARN_OBJC_LITERAL_CONVERSION = YES;
				CLANG_WARN_OBJC_ROOT_CLASS = YES_ERROR;
				CLANG_WARN_RANGE_LOOP_ANALYSIS = YES;
				CLANG_WARN_STRICT_PROTOTYPES = YES;
				CLANG_WARN_SUSPICIOUS_MOVE = YES;
				CLANG_WARN_UNGUARDED_AVAILABILITY = YES_AGGRESSIVE;
				CLANG_WARN_UNREACHABLE_CODE = YES;
				CLANG_WARN__DUPLICATE_METHOD_MATCH = YES;
				CODE_SIGN_IDENTITY = "iPhone Developer";
				COPY_PHASE_STRIP = NO;
				DEBUG_INFORMATION_FORMAT = "dwarf-with-dsym";
				ENABLE_NS_ASSERTIONS = NO;
				ENABLE_STRICT_OBJC_MSGSEND = YES;
				GCC_C_LANGUAGE_STANDARD = gnu11;
				GCC_NO_COMMON_BLOCKS = YES;
				GCC_WARN_64_TO_32_BIT_CONVERSION = YES;
				GCC_WARN_ABOUT_RETURN_TYPE = YES_ERROR;
				GCC_WARN_UNDECLARED_SELECTOR = YES;
				GCC_WARN_UNINITIALIZED_AUTOS = YES_AGGRESSIVE;
				GCC_WARN_UNUSED_FUNCTION = YES;
				GCC_WARN_UNUSED_VARIABLE = YES;
				IPHONEOS_DEPLOYMENT_TARGET = 11.2;
				MTL_ENABLE_DEBUG_INFO = NO;
				SDKROOT = iphoneos;
				SWIFT_OPTIMIZATION_LEVEL = "-Owholemodule";
				VALIDATE_PRODUCT = YES;
			};
			name = Release;
		};
		D00069F9200BD08300E8D5F3 /* Debug */ = {
			isa = XCBuildConfiguration;
			buildSettings = {
				ASSETCATALOG_COMPILER_APPICON_NAME = AppIcon;
				CLANG_ENABLE_OBJC_WEAK = YES;
				"CODE_SIGN_IDENTITY[sdk=iphoneos*]" = "iPhone Developer";
				CODE_SIGN_STYLE = Automatic;
				DEVELOPMENT_TEAM = V69QAU95S7;
				INFOPLIST_FILE = HandlesRound1/Info.plist;
				IPHONEOS_DEPLOYMENT_TARGET = 11.3;
				LD_RUNPATH_SEARCH_PATHS = "$(inherited) @executable_path/Frameworks";
				PRODUCT_BUNDLE_IDENTIFIER = com.sound.HandlesRound.Draw.master;
				PRODUCT_NAME = "$(TARGET_NAME)";
				PROVISIONING_PROFILE_SPECIFIER = "";
				SWIFT_VERSION = 4.0;
				TARGETED_DEVICE_FAMILY = "1,2";
			};
			name = Debug;
		};
		D00069FA200BD08300E8D5F3 /* Release */ = {
			isa = XCBuildConfiguration;
			buildSettings = {
				ASSETCATALOG_COMPILER_APPICON_NAME = AppIcon;
				CLANG_ENABLE_OBJC_WEAK = YES;
				"CODE_SIGN_IDENTITY[sdk=iphoneos*]" = "iPhone Developer";
				CODE_SIGN_STYLE = Automatic;
				DEVELOPMENT_TEAM = V69QAU95S7;
				INFOPLIST_FILE = HandlesRound1/Info.plist;
				IPHONEOS_DEPLOYMENT_TARGET = 11.3;
				LD_RUNPATH_SEARCH_PATHS = "$(inherited) @executable_path/Frameworks";
				PRODUCT_BUNDLE_IDENTIFIER = com.sound.HandlesRound.Draw.master;
				PRODUCT_NAME = "$(TARGET_NAME)";
				PROVISIONING_PROFILE_SPECIFIER = "";
				SWIFT_VERSION = 4.0;
				TARGETED_DEVICE_FAMILY = "1,2";
			};
			name = Release;
		};
		D00069FC200BD08300E8D5F3 /* Debug */ = {
			isa = XCBuildConfiguration;
			buildSettings = {
				ALWAYS_EMBED_SWIFT_STANDARD_LIBRARIES = YES;
				BUNDLE_LOADER = "$(TEST_HOST)";
				CLANG_ENABLE_OBJC_WEAK = YES;
				CODE_SIGN_STYLE = Automatic;
				DEVELOPMENT_TEAM = V69QAU95S7;
				INFOPLIST_FILE = HandlesRound1Tests/Info.plist;
				LD_RUNPATH_SEARCH_PATHS = "$(inherited) @executable_path/Frameworks @loader_path/Frameworks";
				PRODUCT_BUNDLE_IDENTIFIER = com.sound.HandlesRound1Tests;
				PRODUCT_NAME = "$(TARGET_NAME)";
				SWIFT_VERSION = 4.0;
				TARGETED_DEVICE_FAMILY = "1,2";
				TEST_HOST = "$(BUILT_PRODUCTS_DIR)/HandlesRound1.app/HandlesRound1";
			};
			name = Debug;
		};
		D00069FD200BD08300E8D5F3 /* Release */ = {
			isa = XCBuildConfiguration;
			buildSettings = {
				ALWAYS_EMBED_SWIFT_STANDARD_LIBRARIES = YES;
				BUNDLE_LOADER = "$(TEST_HOST)";
				CLANG_ENABLE_OBJC_WEAK = YES;
				CODE_SIGN_STYLE = Automatic;
				DEVELOPMENT_TEAM = V69QAU95S7;
				INFOPLIST_FILE = HandlesRound1Tests/Info.plist;
				LD_RUNPATH_SEARCH_PATHS = "$(inherited) @executable_path/Frameworks @loader_path/Frameworks";
				PRODUCT_BUNDLE_IDENTIFIER = com.sound.HandlesRound1Tests;
				PRODUCT_NAME = "$(TARGET_NAME)";
				SWIFT_VERSION = 4.0;
				TARGETED_DEVICE_FAMILY = "1,2";
				TEST_HOST = "$(BUILT_PRODUCTS_DIR)/HandlesRound1.app/HandlesRound1";
			};
			name = Release;
		};
		D00069FF200BD08300E8D5F3 /* Debug */ = {
			isa = XCBuildConfiguration;
			buildSettings = {
				ALWAYS_EMBED_SWIFT_STANDARD_LIBRARIES = YES;
				CLANG_ENABLE_OBJC_WEAK = YES;
				CODE_SIGN_STYLE = Automatic;
				DEVELOPMENT_TEAM = V69QAU95S7;
				INFOPLIST_FILE = HandlesRound1UITests/Info.plist;
				LD_RUNPATH_SEARCH_PATHS = "$(inherited) @executable_path/Frameworks @loader_path/Frameworks";
				PRODUCT_BUNDLE_IDENTIFIER = com.sound.HandlesRound1UITests;
				PRODUCT_NAME = "$(TARGET_NAME)";
				SWIFT_VERSION = 4.0;
				TARGETED_DEVICE_FAMILY = "1,2";
				TEST_TARGET_NAME = HandlesRound1;
			};
			name = Debug;
		};
		D0006A00200BD08300E8D5F3 /* Release */ = {
			isa = XCBuildConfiguration;
			buildSettings = {
				ALWAYS_EMBED_SWIFT_STANDARD_LIBRARIES = YES;
				CLANG_ENABLE_OBJC_WEAK = YES;
				CODE_SIGN_STYLE = Automatic;
				DEVELOPMENT_TEAM = V69QAU95S7;
				INFOPLIST_FILE = HandlesRound1UITests/Info.plist;
				LD_RUNPATH_SEARCH_PATHS = "$(inherited) @executable_path/Frameworks @loader_path/Frameworks";
				PRODUCT_BUNDLE_IDENTIFIER = com.sound.HandlesRound1UITests;
				PRODUCT_NAME = "$(TARGET_NAME)";
				SWIFT_VERSION = 4.0;
				TARGETED_DEVICE_FAMILY = "1,2";
				TEST_TARGET_NAME = HandlesRound1;
			};
			name = Release;
		};
		D0326768207FFE3900BBF563 /* Debug */ = {
			isa = XCBuildConfiguration;
			buildSettings = {
				BUNDLE_LOADER = "$(TEST_HOST)";
				CLANG_ENABLE_OBJC_WEAK = YES;
				CODE_SIGN_STYLE = Automatic;
				DEVELOPMENT_TEAM = V69QAU95S7;
				INFOPLIST_FILE = HandlesCoreTests/Info.plist;
				IPHONEOS_DEPLOYMENT_TARGET = 11.3;
				LD_RUNPATH_SEARCH_PATHS = "$(inherited) @executable_path/Frameworks @loader_path/Frameworks";
				PRODUCT_BUNDLE_IDENTIFIER = com.sound.sands.HandlesRound1Tests2;
				PRODUCT_NAME = "$(TARGET_NAME)";
				SWIFT_VERSION = 4.0;
				TARGETED_DEVICE_FAMILY = "1,2";
				TEST_HOST = "$(BUILT_PRODUCTS_DIR)/HandlesRound1.app/HandlesRound1";
			};
			name = Debug;
		};
		D0326769207FFE3900BBF563 /* Release */ = {
			isa = XCBuildConfiguration;
			buildSettings = {
				BUNDLE_LOADER = "$(TEST_HOST)";
				CLANG_ENABLE_OBJC_WEAK = YES;
				CODE_SIGN_STYLE = Automatic;
				DEVELOPMENT_TEAM = V69QAU95S7;
				INFOPLIST_FILE = HandlesCoreTests/Info.plist;
				IPHONEOS_DEPLOYMENT_TARGET = 11.3;
				LD_RUNPATH_SEARCH_PATHS = "$(inherited) @executable_path/Frameworks @loader_path/Frameworks";
				PRODUCT_BUNDLE_IDENTIFIER = com.sound.sands.HandlesRound1Tests2;
				PRODUCT_NAME = "$(TARGET_NAME)";
				SWIFT_VERSION = 4.0;
				TARGETED_DEVICE_FAMILY = "1,2";
				TEST_HOST = "$(BUILT_PRODUCTS_DIR)/HandlesRound1.app/HandlesRound1";
			};
			name = Release;
		};
		D0915FB0208901DD0067C02A /* Debug */ = {
			isa = XCBuildConfiguration;
			buildSettings = {
				BUNDLE_LOADER = "$(TEST_HOST)";
				CLANG_ENABLE_OBJC_WEAK = YES;
				CODE_SIGN_STYLE = Automatic;
				DEVELOPMENT_TEAM = V69QAU95S7;
				INFOPLIST_FILE = GraphicsCoreTests/Info.plist;
				IPHONEOS_DEPLOYMENT_TARGET = 11.4;
				LD_RUNPATH_SEARCH_PATHS = "$(inherited) @executable_path/Frameworks @loader_path/Frameworks";
				PRODUCT_BUNDLE_IDENTIFIER = com.sound.sands.GraphicsCoreTests;
				PRODUCT_NAME = "$(TARGET_NAME)";
				SWIFT_VERSION = 4.0;
				TARGETED_DEVICE_FAMILY = "1,2";
				TEST_HOST = "$(BUILT_PRODUCTS_DIR)/HandlesRound1.app/HandlesRound1";
			};
			name = Debug;
		};
		D0915FB1208901DD0067C02A /* Release */ = {
			isa = XCBuildConfiguration;
			buildSettings = {
				BUNDLE_LOADER = "$(TEST_HOST)";
				CLANG_ENABLE_OBJC_WEAK = YES;
				CODE_SIGN_STYLE = Automatic;
				DEVELOPMENT_TEAM = V69QAU95S7;
				INFOPLIST_FILE = GraphicsCoreTests/Info.plist;
				IPHONEOS_DEPLOYMENT_TARGET = 11.4;
				LD_RUNPATH_SEARCH_PATHS = "$(inherited) @executable_path/Frameworks @loader_path/Frameworks";
				PRODUCT_BUNDLE_IDENTIFIER = com.sound.sands.GraphicsCoreTests;
				PRODUCT_NAME = "$(TARGET_NAME)";
				SWIFT_VERSION = 4.0;
				TARGETED_DEVICE_FAMILY = "1,2";
				TEST_HOST = "$(BUILT_PRODUCTS_DIR)/HandlesRound1.app/HandlesRound1";
			};
			name = Release;
		};
/* End XCBuildConfiguration section */

/* Begin XCConfigurationList section */
		D00069CB200BD08300E8D5F3 /* Build configuration list for PBXProject "HandlesRound1" */ = {
			isa = XCConfigurationList;
			buildConfigurations = (
				D00069F6200BD08300E8D5F3 /* Debug */,
				D00069F7200BD08300E8D5F3 /* Release */,
			);
			defaultConfigurationIsVisible = 0;
			defaultConfigurationName = Release;
		};
		D00069F8200BD08300E8D5F3 /* Build configuration list for PBXNativeTarget "HandlesRound1" */ = {
			isa = XCConfigurationList;
			buildConfigurations = (
				D00069F9200BD08300E8D5F3 /* Debug */,
				D00069FA200BD08300E8D5F3 /* Release */,
			);
			defaultConfigurationIsVisible = 0;
			defaultConfigurationName = Release;
		};
		D00069FB200BD08300E8D5F3 /* Build configuration list for PBXNativeTarget "HandlesRound1Tests" */ = {
			isa = XCConfigurationList;
			buildConfigurations = (
				D00069FC200BD08300E8D5F3 /* Debug */,
				D00069FD200BD08300E8D5F3 /* Release */,
			);
			defaultConfigurationIsVisible = 0;
			defaultConfigurationName = Release;
		};
		D00069FE200BD08300E8D5F3 /* Build configuration list for PBXNativeTarget "HandlesRound1UITests" */ = {
			isa = XCConfigurationList;
			buildConfigurations = (
				D00069FF200BD08300E8D5F3 /* Debug */,
				D0006A00200BD08300E8D5F3 /* Release */,
			);
			defaultConfigurationIsVisible = 0;
			defaultConfigurationName = Release;
		};
		D0326767207FFE3900BBF563 /* Build configuration list for PBXNativeTarget "HandlesRound1Tests2" */ = {
			isa = XCConfigurationList;
			buildConfigurations = (
				D0326768207FFE3900BBF563 /* Debug */,
				D0326769207FFE3900BBF563 /* Release */,
			);
			defaultConfigurationIsVisible = 0;
			defaultConfigurationName = Release;
		};
		D0915FAF208901DD0067C02A /* Build configuration list for PBXNativeTarget "GraphicsCoreTests" */ = {
			isa = XCConfigurationList;
			buildConfigurations = (
				D0915FB0208901DD0067C02A /* Debug */,
				D0915FB1208901DD0067C02A /* Release */,
			);
			defaultConfigurationIsVisible = 0;
			defaultConfigurationName = Release;
		};
/* End XCConfigurationList section */
	};
	rootObject = D00069C8200BD08300E8D5F3 /* Project object */;
}
