// !$*UTF8*$!
{
	archiveVersion = 1;
	classes = {
	};
	objectVersion = 48;
	objects = {

/* Begin PBXBuildFile section */
		D00069D4200BD08300E8D5F3 /* AppDelegate.swift in Sources */ = {isa = PBXBuildFile; fileRef = D00069D3200BD08300E8D5F3 /* AppDelegate.swift */; };
		D00069D6200BD08300E8D5F3 /* ViewController.swift in Sources */ = {isa = PBXBuildFile; fileRef = D00069D5200BD08300E8D5F3 /* ViewController.swift */; };
		D00069D9200BD08300E8D5F3 /* Main.storyboard in Resources */ = {isa = PBXBuildFile; fileRef = D00069D7200BD08300E8D5F3 /* Main.storyboard */; };
		D00069DB200BD08300E8D5F3 /* Assets.xcassets in Resources */ = {isa = PBXBuildFile; fileRef = D00069DA200BD08300E8D5F3 /* Assets.xcassets */; };
		D00069DE200BD08300E8D5F3 /* LaunchScreen.storyboard in Resources */ = {isa = PBXBuildFile; fileRef = D00069DC200BD08300E8D5F3 /* LaunchScreen.storyboard */; };
		D00069E9200BD08300E8D5F3 /* HandlesRound1Tests.swift in Sources */ = {isa = PBXBuildFile; fileRef = D00069E8200BD08300E8D5F3 /* HandlesRound1Tests.swift */; };
		D00069F4200BD08300E8D5F3 /* HandlesRound1UITests.swift in Sources */ = {isa = PBXBuildFile; fileRef = D00069F3200BD08300E8D5F3 /* HandlesRound1UITests.swift */; };
		D0006A02200BD09A00E8D5F3 /* HandleView.swift in Sources */ = {isa = PBXBuildFile; fileRef = D0006A01200BD09A00E8D5F3 /* HandleView.swift */; };
		D03E03D82011653B002D47F3 /* DeepPressGestureRecognizer.swift in Sources */ = {isa = PBXBuildFile; fileRef = D03E03D72011653B002D47F3 /* DeepPressGestureRecognizer.swift */; };
		D03E03DA20124DB8002D47F3 /* Testing.swift in Sources */ = {isa = PBXBuildFile; fileRef = D03E03D920124DB8002D47F3 /* Testing.swift */; };
		D03E040020125DF8002D47F3 /* Sprite2DGraph.swift in Sources */ = {isa = PBXBuildFile; fileRef = D03E03F720125DF8002D47F3 /* Sprite2DGraph.swift */; };
		D03E040320125DF8002D47F3 /* GrasshopperFunctions.swift in Sources */ = {isa = PBXBuildFile; fileRef = D03E03FB20125DF8002D47F3 /* GrasshopperFunctions.swift */; };
		D03E040520125DF8002D47F3 /* GameScene.swift in Sources */ = {isa = PBXBuildFile; fileRef = D03E03FD20125DF8002D47F3 /* GameScene.swift */; };
		D03E040620125DF8002D47F3 /* Info.plist in Resources */ = {isa = PBXBuildFile; fileRef = D03E03FE20125DF8002D47F3 /* Info.plist */; };
		D056A3992015696A00C3B3B1 /* TwoMeterModel.swift in Sources */ = {isa = PBXBuildFile; fileRef = D056A3982015696A00C3B3B1 /* TwoMeterModel.swift */; };
		D056A39B2015815000C3B3B1 /* ForwardPipe.swift in Sources */ = {isa = PBXBuildFile; fileRef = D056A39A2015815000C3B3B1 /* ForwardPipe.swift */; };
		D056A39E20177F0B00C3B3B1 /* Grid.swift in Sources */ = {isa = PBXBuildFile; fileRef = D056A39C20177F0B00C3B3B1 /* Grid.swift */; };
		D056A39F20177F0B00C3B3B1 /* PlanModel.swift in Sources */ = {isa = PBXBuildFile; fileRef = D056A39D20177F0B00C3B3B1 /* PlanModel.swift */; };
		D064BDFE200D94C60032C153 /* CGAngle+Exploration.swift in Sources */ = {isa = PBXBuildFile; fileRef = D064BDDB200D94C50032C153 /* CGAngle+Exploration.swift */; };
		D064BE00200D94C60032C153 /* .gitignore in Resources */ = {isa = PBXBuildFile; fileRef = D064BDDD200D94C60032C153 /* .gitignore */; };
		D064BE02200D94C60032C153 /* CGRect+Math.swift in Sources */ = {isa = PBXBuildFile; fileRef = D064BDE0200D94C60032C153 /* CGRect+Math.swift */; };
		D064BE03200D94C60032C153 /* CGSegment.swift in Sources */ = {isa = PBXBuildFile; fileRef = D064BDE1200D94C60032C153 /* CGSegment.swift */; };
		D064BE04200D94C60032C153 /* CGScale+Utility.swift in Sources */ = {isa = PBXBuildFile; fileRef = D064BDE2200D94C60032C153 /* CGScale+Utility.swift */; };
		D064BE05200D94C60032C153 /* CGAngle+Utility.swift in Sources */ = {isa = PBXBuildFile; fileRef = D064BDE3200D94C60032C153 /* CGAngle+Utility.swift */; };
		D064BE06200D94C60032C153 /* CGRect+Utility.swift in Sources */ = {isa = PBXBuildFile; fileRef = D064BDE4200D94C60032C153 /* CGRect+Utility.swift */; };
		D064BE07200D94C60032C153 /* CGAffineTransform+Utility.swift in Sources */ = {isa = PBXBuildFile; fileRef = D064BDE5200D94C60032C153 /* CGAffineTransform+Utility.swift */; };
		D064BE08200D94C60032C153 /* CGAngle+Math.swift in Sources */ = {isa = PBXBuildFile; fileRef = D064BDE6200D94C60032C153 /* CGAngle+Math.swift */; };
		D064BE09200D94C60032C153 /* CGSize+Utility.swift in Sources */ = {isa = PBXBuildFile; fileRef = D064BDE7200D94C60032C153 /* CGSize+Utility.swift */; };
		D064BE0A200D94C60032C153 /* CGPoint+Math.swift in Sources */ = {isa = PBXBuildFile; fileRef = D064BDE8200D94C60032C153 /* CGPoint+Math.swift */; };
		D064BE0B200D94C60032C153 /* CGAngle.swift in Sources */ = {isa = PBXBuildFile; fileRef = D064BDE9200D94C60032C153 /* CGAngle.swift */; };
		D064BE0C200D94C60032C153 /* CGFloat+Utility.swift in Sources */ = {isa = PBXBuildFile; fileRef = D064BDEA200D94C60032C153 /* CGFloat+Utility.swift */; };
		D064BE0D200D94C60032C153 /* CGSegment+Math.swift in Sources */ = {isa = PBXBuildFile; fileRef = D064BDEB200D94C60032C153 /* CGSegment+Math.swift */; };
		D064BE0E200D94C60032C153 /* CGRay.swift in Sources */ = {isa = PBXBuildFile; fileRef = D064BDEC200D94C60032C153 /* CGRay.swift */; };
		D064BE0F200D94C60032C153 /* CGScale+Math.swift in Sources */ = {isa = PBXBuildFile; fileRef = D064BDED200D94C60032C153 /* CGScale+Math.swift */; };
		D064BE10200D94C60032C153 /* CGVector+Utility.swift in Sources */ = {isa = PBXBuildFile; fileRef = D064BDEE200D94C60032C153 /* CGVector+Utility.swift */; };
		D064BE11200D94C60032C153 /* CGVector+Math.swift in Sources */ = {isa = PBXBuildFile; fileRef = D064BDEF200D94C60032C153 /* CGVector+Math.swift */; };
		D064BE12200D94C60032C153 /* CGSize+Math.swift in Sources */ = {isa = PBXBuildFile; fileRef = D064BDF0200D94C60032C153 /* CGSize+Math.swift */; };
		D064BE13200D94C60032C153 /* CGScale.swift in Sources */ = {isa = PBXBuildFile; fileRef = D064BDF1200D94C60032C153 /* CGScale.swift */; };
		D064BE14200D94C60032C153 /* CGPoint+Utility.swift in Sources */ = {isa = PBXBuildFile; fileRef = D064BDF2200D94C60032C153 /* CGPoint+Utility.swift */; };
		D064BE15200D94C60032C153 /* CGAffineTransform+Math.swift in Sources */ = {isa = PBXBuildFile; fileRef = D064BDF3200D94C60032C153 /* CGAffineTransform+Math.swift */; };
		D064BE16200D94C60032C153 /* CGDouble+Utility.swift in Sources */ = {isa = PBXBuildFile; fileRef = D064BDF4200D94C60032C153 /* CGDouble+Utility.swift */; };
		D064BE17200D94C60032C153 /* CGSegment+Utility.swift in Sources */ = {isa = PBXBuildFile; fileRef = D064BDF5200D94C60032C153 /* CGSegment+Utility.swift */; };
		D064BE18200D94C60032C153 /* CGRect+Utility+Nonstandard.swift in Sources */ = {isa = PBXBuildFile; fileRef = D064BDF7200D94C60032C153 /* CGRect+Utility+Nonstandard.swift */; };
		D064BE19200D94C60032C153 /* CGVector+Utility+Nonstandard.swift in Sources */ = {isa = PBXBuildFile; fileRef = D064BDF8200D94C60032C153 /* CGVector+Utility+Nonstandard.swift */; };
		D064BE1A200D94C60032C153 /* CGScale+Utility+Nonstandard.swift in Sources */ = {isa = PBXBuildFile; fileRef = D064BDF9200D94C60032C153 /* CGScale+Utility+Nonstandard.swift */; };
		D064BE1B200D94C60032C153 /* CGPoint+Utility+Nonstandard.swift in Sources */ = {isa = PBXBuildFile; fileRef = D064BDFA200D94C60032C153 /* CGPoint+Utility+Nonstandard.swift */; };
		D064BE1C200D94C60032C153 /* CGSize+Utility+Nonstandard.swift in Sources */ = {isa = PBXBuildFile; fileRef = D064BDFB200D94C60032C153 /* CGSize+Utility+Nonstandard.swift */; };
		D064BE1D200D94C60032C153 /* CGAffineTransform+Utility+Nonstandard.swift in Sources */ = {isa = PBXBuildFile; fileRef = D064BDFC200D94C60032C153 /* CGAffineTransform+Utility+Nonstandard.swift */; };
		D064BE1E200D94C60032C153 /* CGAngle+Utility+Nonstandard.swift in Sources */ = {isa = PBXBuildFile; fileRef = D064BDFD200D94C60032C153 /* CGAngle+Utility+Nonstandard.swift */; };
		D093209A20113DCB007BFCC3 /* MultipleLayouts.swift in Sources */ = {isa = PBXBuildFile; fileRef = D0931FD720113DCA007BFCC3 /* MultipleLayouts.swift */; };
		D093209D20113DCB007BFCC3 /* Layout-Logging.swift in Sources */ = {isa = PBXBuildFile; fileRef = D0931FDA20113DCA007BFCC3 /* Layout-Logging.swift */; };
		D093215120113DCB007BFCC3 /* Layout.swift in Sources */ = {isa = PBXBuildFile; fileRef = D093209420113DCB007BFCC3 /* Layout.swift */; };
		D093215220113DCB007BFCC3 /* MarginLayout.swift in Sources */ = {isa = PBXBuildFile; fileRef = D093209520113DCB007BFCC3 /* MarginLayout.swift */; };
		D093215320113DCB007BFCC3 /* BackgroundLayoutSimple.swift in Sources */ = {isa = PBXBuildFile; fileRef = D093209620113DCB007BFCC3 /* BackgroundLayoutSimple.swift */; };
		D093215420113DCB007BFCC3 /* MarginIntrinsicSizeLayout.swift in Sources */ = {isa = PBXBuildFile; fileRef = D093209820113DCB007BFCC3 /* MarginIntrinsicSizeLayout.swift */; };
		D093215820114134007BFCC3 /* AnyLayout.swift in Sources */ = {isa = PBXBuildFile; fileRef = D093215720114134007BFCC3 /* AnyLayout.swift */; };
		D0AEF4602013D507005F761B /* TensionedPoint.swift in Sources */ = {isa = PBXBuildFile; fileRef = D0AEF45F2013D507005F761B /* TensionedPoint.swift */; };
/* End PBXBuildFile section */

/* Begin PBXContainerItemProxy section */
		D00069E5200BD08300E8D5F3 /* PBXContainerItemProxy */ = {
			isa = PBXContainerItemProxy;
			containerPortal = D00069C8200BD08300E8D5F3 /* Project object */;
			proxyType = 1;
			remoteGlobalIDString = D00069CF200BD08300E8D5F3;
			remoteInfo = HandlesRound1;
		};
		D00069F0200BD08300E8D5F3 /* PBXContainerItemProxy */ = {
			isa = PBXContainerItemProxy;
			containerPortal = D00069C8200BD08300E8D5F3 /* Project object */;
			proxyType = 1;
			remoteGlobalIDString = D00069CF200BD08300E8D5F3;
			remoteInfo = HandlesRound1;
		};
/* End PBXContainerItemProxy section */

/* Begin PBXFileReference section */
		D00069D0200BD08300E8D5F3 /* HandlesRound1.app */ = {isa = PBXFileReference; explicitFileType = wrapper.application; includeInIndex = 0; path = HandlesRound1.app; sourceTree = BUILT_PRODUCTS_DIR; };
		D00069D3200BD08300E8D5F3 /* AppDelegate.swift */ = {isa = PBXFileReference; lastKnownFileType = sourcecode.swift; path = AppDelegate.swift; sourceTree = "<group>"; };
		D00069D5200BD08300E8D5F3 /* ViewController.swift */ = {isa = PBXFileReference; lastKnownFileType = sourcecode.swift; path = ViewController.swift; sourceTree = "<group>"; };
		D00069D8200BD08300E8D5F3 /* Base */ = {isa = PBXFileReference; lastKnownFileType = file.storyboard; name = Base; path = Base.lproj/Main.storyboard; sourceTree = "<group>"; };
		D00069DA200BD08300E8D5F3 /* Assets.xcassets */ = {isa = PBXFileReference; lastKnownFileType = folder.assetcatalog; path = Assets.xcassets; sourceTree = "<group>"; };
		D00069DD200BD08300E8D5F3 /* Base */ = {isa = PBXFileReference; lastKnownFileType = file.storyboard; name = Base; path = Base.lproj/LaunchScreen.storyboard; sourceTree = "<group>"; };
		D00069DF200BD08300E8D5F3 /* Info.plist */ = {isa = PBXFileReference; lastKnownFileType = text.plist; name = Info.plist; path = "/Users/justin/Dropbox/Developer/To Delete at some point/HandlesRound1/HandlesRound1/Other Stuff/Info.plist"; sourceTree = "<absolute>"; };
		D00069E4200BD08300E8D5F3 /* HandlesRound1Tests.xctest */ = {isa = PBXFileReference; explicitFileType = wrapper.cfbundle; includeInIndex = 0; path = HandlesRound1Tests.xctest; sourceTree = BUILT_PRODUCTS_DIR; };
		D00069E8200BD08300E8D5F3 /* HandlesRound1Tests.swift */ = {isa = PBXFileReference; lastKnownFileType = sourcecode.swift; path = HandlesRound1Tests.swift; sourceTree = "<group>"; };
		D00069EA200BD08300E8D5F3 /* Info.plist */ = {isa = PBXFileReference; lastKnownFileType = text.plist.xml; path = Info.plist; sourceTree = "<group>"; };
		D00069EF200BD08300E8D5F3 /* HandlesRound1UITests.xctest */ = {isa = PBXFileReference; explicitFileType = wrapper.cfbundle; includeInIndex = 0; path = HandlesRound1UITests.xctest; sourceTree = BUILT_PRODUCTS_DIR; };
		D00069F3200BD08300E8D5F3 /* HandlesRound1UITests.swift */ = {isa = PBXFileReference; lastKnownFileType = sourcecode.swift; path = HandlesRound1UITests.swift; sourceTree = "<group>"; };
		D00069F5200BD08300E8D5F3 /* Info.plist */ = {isa = PBXFileReference; lastKnownFileType = text.plist.xml; path = Info.plist; sourceTree = "<group>"; };
		D0006A01200BD09A00E8D5F3 /* HandleView.swift */ = {isa = PBXFileReference; lastKnownFileType = sourcecode.swift; path = HandleView.swift; sourceTree = "<group>"; };
		D03E03D72011653B002D47F3 /* DeepPressGestureRecognizer.swift */ = {isa = PBXFileReference; lastKnownFileType = sourcecode.swift; path = DeepPressGestureRecognizer.swift; sourceTree = "<group>"; };
		D03E03D920124DB8002D47F3 /* Testing.swift */ = {isa = PBXFileReference; lastKnownFileType = sourcecode.swift; path = Testing.swift; sourceTree = "<group>"; };
		D03E03F720125DF8002D47F3 /* Sprite2DGraph.swift */ = {isa = PBXFileReference; fileEncoding = 4; lastKnownFileType = sourcecode.swift; path = Sprite2DGraph.swift; sourceTree = "<group>"; };
		D03E03FB20125DF8002D47F3 /* GrasshopperFunctions.swift */ = {isa = PBXFileReference; fileEncoding = 4; lastKnownFileType = sourcecode.swift; path = GrasshopperFunctions.swift; sourceTree = "<group>"; };
		D03E03FD20125DF8002D47F3 /* GameScene.swift */ = {isa = PBXFileReference; fileEncoding = 4; lastKnownFileType = sourcecode.swift; path = GameScene.swift; sourceTree = "<group>"; };
		D03E03FE20125DF8002D47F3 /* Info.plist */ = {isa = PBXFileReference; fileEncoding = 4; lastKnownFileType = text.plist.xml; path = Info.plist; sourceTree = "<group>"; };
		D056A3982015696A00C3B3B1 /* TwoMeterModel.swift */ = {isa = PBXFileReference; lastKnownFileType = sourcecode.swift; path = TwoMeterModel.swift; sourceTree = "<group>"; };
		D056A39A2015815000C3B3B1 /* ForwardPipe.swift */ = {isa = PBXFileReference; lastKnownFileType = sourcecode.swift; path = ForwardPipe.swift; sourceTree = "<group>"; };
		D056A39C20177F0B00C3B3B1 /* Grid.swift */ = {isa = PBXFileReference; fileEncoding = 4; lastKnownFileType = sourcecode.swift; path = Grid.swift; sourceTree = "<group>"; };
		D056A39D20177F0B00C3B3B1 /* PlanModel.swift */ = {isa = PBXFileReference; fileEncoding = 4; lastKnownFileType = sourcecode.swift; path = PlanModel.swift; sourceTree = "<group>"; };
		D064BDDB200D94C50032C153 /* CGAngle+Exploration.swift */ = {isa = PBXFileReference; fileEncoding = 4; lastKnownFileType = sourcecode.swift; path = "CGAngle+Exploration.swift"; sourceTree = "<group>"; };
		D064BDDD200D94C60032C153 /* .gitignore */ = {isa = PBXFileReference; fileEncoding = 4; lastKnownFileType = text; path = .gitignore; sourceTree = "<group>"; };
		D064BDE0200D94C60032C153 /* CGRect+Math.swift */ = {isa = PBXFileReference; fileEncoding = 4; lastKnownFileType = sourcecode.swift; path = "CGRect+Math.swift"; sourceTree = "<group>"; };
		D064BDE1200D94C60032C153 /* CGSegment.swift */ = {isa = PBXFileReference; fileEncoding = 4; lastKnownFileType = sourcecode.swift; path = CGSegment.swift; sourceTree = "<group>"; };
		D064BDE2200D94C60032C153 /* CGScale+Utility.swift */ = {isa = PBXFileReference; fileEncoding = 4; lastKnownFileType = sourcecode.swift; path = "CGScale+Utility.swift"; sourceTree = "<group>"; };
		D064BDE3200D94C60032C153 /* CGAngle+Utility.swift */ = {isa = PBXFileReference; fileEncoding = 4; lastKnownFileType = sourcecode.swift; path = "CGAngle+Utility.swift"; sourceTree = "<group>"; };
		D064BDE4200D94C60032C153 /* CGRect+Utility.swift */ = {isa = PBXFileReference; fileEncoding = 4; lastKnownFileType = sourcecode.swift; path = "CGRect+Utility.swift"; sourceTree = "<group>"; };
		D064BDE5200D94C60032C153 /* CGAffineTransform+Utility.swift */ = {isa = PBXFileReference; fileEncoding = 4; lastKnownFileType = sourcecode.swift; path = "CGAffineTransform+Utility.swift"; sourceTree = "<group>"; };
		D064BDE6200D94C60032C153 /* CGAngle+Math.swift */ = {isa = PBXFileReference; fileEncoding = 4; lastKnownFileType = sourcecode.swift; path = "CGAngle+Math.swift"; sourceTree = "<group>"; };
		D064BDE7200D94C60032C153 /* CGSize+Utility.swift */ = {isa = PBXFileReference; fileEncoding = 4; lastKnownFileType = sourcecode.swift; path = "CGSize+Utility.swift"; sourceTree = "<group>"; };
		D064BDE8200D94C60032C153 /* CGPoint+Math.swift */ = {isa = PBXFileReference; fileEncoding = 4; lastKnownFileType = sourcecode.swift; path = "CGPoint+Math.swift"; sourceTree = "<group>"; };
		D064BDE9200D94C60032C153 /* CGAngle.swift */ = {isa = PBXFileReference; fileEncoding = 4; lastKnownFileType = sourcecode.swift; path = CGAngle.swift; sourceTree = "<group>"; };
		D064BDEA200D94C60032C153 /* CGFloat+Utility.swift */ = {isa = PBXFileReference; fileEncoding = 4; lastKnownFileType = sourcecode.swift; path = "CGFloat+Utility.swift"; sourceTree = "<group>"; };
		D064BDEB200D94C60032C153 /* CGSegment+Math.swift */ = {isa = PBXFileReference; fileEncoding = 4; lastKnownFileType = sourcecode.swift; path = "CGSegment+Math.swift"; sourceTree = "<group>"; };
		D064BDEC200D94C60032C153 /* CGRay.swift */ = {isa = PBXFileReference; fileEncoding = 4; lastKnownFileType = sourcecode.swift; path = CGRay.swift; sourceTree = "<group>"; };
		D064BDED200D94C60032C153 /* CGScale+Math.swift */ = {isa = PBXFileReference; fileEncoding = 4; lastKnownFileType = sourcecode.swift; path = "CGScale+Math.swift"; sourceTree = "<group>"; };
		D064BDEE200D94C60032C153 /* CGVector+Utility.swift */ = {isa = PBXFileReference; fileEncoding = 4; lastKnownFileType = sourcecode.swift; path = "CGVector+Utility.swift"; sourceTree = "<group>"; };
		D064BDEF200D94C60032C153 /* CGVector+Math.swift */ = {isa = PBXFileReference; fileEncoding = 4; lastKnownFileType = sourcecode.swift; path = "CGVector+Math.swift"; sourceTree = "<group>"; };
		D064BDF0200D94C60032C153 /* CGSize+Math.swift */ = {isa = PBXFileReference; fileEncoding = 4; lastKnownFileType = sourcecode.swift; path = "CGSize+Math.swift"; sourceTree = "<group>"; };
		D064BDF1200D94C60032C153 /* CGScale.swift */ = {isa = PBXFileReference; fileEncoding = 4; lastKnownFileType = sourcecode.swift; path = CGScale.swift; sourceTree = "<group>"; };
		D064BDF2200D94C60032C153 /* CGPoint+Utility.swift */ = {isa = PBXFileReference; fileEncoding = 4; lastKnownFileType = sourcecode.swift; path = "CGPoint+Utility.swift"; sourceTree = "<group>"; };
		D064BDF3200D94C60032C153 /* CGAffineTransform+Math.swift */ = {isa = PBXFileReference; fileEncoding = 4; lastKnownFileType = sourcecode.swift; path = "CGAffineTransform+Math.swift"; sourceTree = "<group>"; };
		D064BDF4200D94C60032C153 /* CGDouble+Utility.swift */ = {isa = PBXFileReference; fileEncoding = 4; lastKnownFileType = sourcecode.swift; path = "CGDouble+Utility.swift"; sourceTree = "<group>"; };
		D064BDF5200D94C60032C153 /* CGSegment+Utility.swift */ = {isa = PBXFileReference; fileEncoding = 4; lastKnownFileType = sourcecode.swift; path = "CGSegment+Utility.swift"; sourceTree = "<group>"; };
		D064BDF7200D94C60032C153 /* CGRect+Utility+Nonstandard.swift */ = {isa = PBXFileReference; fileEncoding = 4; lastKnownFileType = sourcecode.swift; path = "CGRect+Utility+Nonstandard.swift"; sourceTree = "<group>"; };
		D064BDF8200D94C60032C153 /* CGVector+Utility+Nonstandard.swift */ = {isa = PBXFileReference; fileEncoding = 4; lastKnownFileType = sourcecode.swift; path = "CGVector+Utility+Nonstandard.swift"; sourceTree = "<group>"; };
		D064BDF9200D94C60032C153 /* CGScale+Utility+Nonstandard.swift */ = {isa = PBXFileReference; fileEncoding = 4; lastKnownFileType = sourcecode.swift; path = "CGScale+Utility+Nonstandard.swift"; sourceTree = "<group>"; };
		D064BDFA200D94C60032C153 /* CGPoint+Utility+Nonstandard.swift */ = {isa = PBXFileReference; fileEncoding = 4; lastKnownFileType = sourcecode.swift; path = "CGPoint+Utility+Nonstandard.swift"; sourceTree = "<group>"; };
		D064BDFB200D94C60032C153 /* CGSize+Utility+Nonstandard.swift */ = {isa = PBXFileReference; fileEncoding = 4; lastKnownFileType = sourcecode.swift; path = "CGSize+Utility+Nonstandard.swift"; sourceTree = "<group>"; };
		D064BDFC200D94C60032C153 /* CGAffineTransform+Utility+Nonstandard.swift */ = {isa = PBXFileReference; fileEncoding = 4; lastKnownFileType = sourcecode.swift; path = "CGAffineTransform+Utility+Nonstandard.swift"; sourceTree = "<group>"; };
		D064BDFD200D94C60032C153 /* CGAngle+Utility+Nonstandard.swift */ = {isa = PBXFileReference; fileEncoding = 4; lastKnownFileType = sourcecode.swift; path = "CGAngle+Utility+Nonstandard.swift"; sourceTree = "<group>"; };
		D0931FD720113DCA007BFCC3 /* MultipleLayouts.swift */ = {isa = PBXFileReference; fileEncoding = 4; lastKnownFileType = sourcecode.swift; path = MultipleLayouts.swift; sourceTree = "<group>"; };
		D0931FDA20113DCA007BFCC3 /* Layout-Logging.swift */ = {isa = PBXFileReference; fileEncoding = 4; lastKnownFileType = sourcecode.swift; path = "Layout-Logging.swift"; sourceTree = "<group>"; };
		D093209420113DCB007BFCC3 /* Layout.swift */ = {isa = PBXFileReference; fileEncoding = 4; lastKnownFileType = sourcecode.swift; path = Layout.swift; sourceTree = "<group>"; };
		D093209520113DCB007BFCC3 /* MarginLayout.swift */ = {isa = PBXFileReference; fileEncoding = 4; lastKnownFileType = sourcecode.swift; path = MarginLayout.swift; sourceTree = "<group>"; };
		D093209620113DCB007BFCC3 /* BackgroundLayoutSimple.swift */ = {isa = PBXFileReference; fileEncoding = 4; lastKnownFileType = sourcecode.swift; path = BackgroundLayoutSimple.swift; sourceTree = "<group>"; };
		D093209820113DCB007BFCC3 /* MarginIntrinsicSizeLayout.swift */ = {isa = PBXFileReference; fileEncoding = 4; lastKnownFileType = sourcecode.swift; path = MarginIntrinsicSizeLayout.swift; sourceTree = "<group>"; };
		D093215720114134007BFCC3 /* AnyLayout.swift */ = {isa = PBXFileReference; fileEncoding = 4; lastKnownFileType = sourcecode.swift; path = AnyLayout.swift; sourceTree = "<group>"; };
		D0AEF45F2013D507005F761B /* TensionedPoint.swift */ = {isa = PBXFileReference; lastKnownFileType = sourcecode.swift; name = TensionedPoint.swift; path = GrasshopperRound2/TensionedPoint.swift; sourceTree = SOURCE_ROOT; };
/* End PBXFileReference section */

/* Begin PBXFrameworksBuildPhase section */
		D00069CD200BD08300E8D5F3 /* Frameworks */ = {
			isa = PBXFrameworksBuildPhase;
			buildActionMask = 2147483647;
			files = (
			);
			runOnlyForDeploymentPostprocessing = 0;
		};
		D00069E1200BD08300E8D5F3 /* Frameworks */ = {
			isa = PBXFrameworksBuildPhase;
			buildActionMask = 2147483647;
			files = (
			);
			runOnlyForDeploymentPostprocessing = 0;
		};
		D00069EC200BD08300E8D5F3 /* Frameworks */ = {
			isa = PBXFrameworksBuildPhase;
			buildActionMask = 2147483647;
			files = (
			);
			runOnlyForDeploymentPostprocessing = 0;
		};
/* End PBXFrameworksBuildPhase section */

/* Begin PBXGroup section */
		D00069C7200BD08300E8D5F3 = {
			isa = PBXGroup;
			children = (
				D00069D2200BD08300E8D5F3 /* HandlesRound1 */,
				D00069E7200BD08300E8D5F3 /* HandlesRound1Tests */,
				D00069F2200BD08300E8D5F3 /* HandlesRound1UITests */,
				D00069D1200BD08300E8D5F3 /* Products */,
				D03E03D920124DB8002D47F3 /* Testing.swift */,
			);
			sourceTree = "<group>";
		};
		D00069D1200BD08300E8D5F3 /* Products */ = {
			isa = PBXGroup;
			children = (
				D00069D0200BD08300E8D5F3 /* HandlesRound1.app */,
				D00069E4200BD08300E8D5F3 /* HandlesRound1Tests.xctest */,
				D00069EF200BD08300E8D5F3 /* HandlesRound1UITests.xctest */,
			);
			name = Products;
			sourceTree = "<group>";
		};
		D00069D2200BD08300E8D5F3 /* HandlesRound1 */ = {
			isa = PBXGroup;
			children = (
				D00069D3200BD08300E8D5F3 /* AppDelegate.swift */,
				D00069D5200BD08300E8D5F3 /* ViewController.swift */,
				D03E03FD20125DF8002D47F3 /* GameScene.swift */,
				D0931FD520113DCA007BFCC3 /* Layouts */,
				D064BDD9200D94C50032C153 /* SwiftGeometry */,
				D03E03F520125DF8002D47F3 /* GrasshopperRound2 */,
				D0006A01200BD09A00E8D5F3 /* HandleView.swift */,
				D0AEF45D2013A6FC005F761B /* Other Stuff */,
			);
			path = HandlesRound1;
			sourceTree = "<group>";
		};
		D00069E7200BD08300E8D5F3 /* HandlesRound1Tests */ = {
			isa = PBXGroup;
			children = (
				D00069E8200BD08300E8D5F3 /* HandlesRound1Tests.swift */,
				D00069EA200BD08300E8D5F3 /* Info.plist */,
			);
			path = HandlesRound1Tests;
			sourceTree = "<group>";
		};
		D00069F2200BD08300E8D5F3 /* HandlesRound1UITests */ = {
			isa = PBXGroup;
			children = (
				D00069F3200BD08300E8D5F3 /* HandlesRound1UITests.swift */,
				D00069F5200BD08300E8D5F3 /* Info.plist */,
			);
			path = HandlesRound1UITests;
			sourceTree = "<group>";
		};
		D03E03F520125DF8002D47F3 /* GrasshopperRound2 */ = {
			isa = PBXGroup;
			children = (
				D056A3A020177F1000C3B3B1 /* Grids */,
				D056A39A2015815000C3B3B1 /* ForwardPipe.swift */,
				D0AEF45F2013D507005F761B /* TensionedPoint.swift */,
				D03E03F720125DF8002D47F3 /* Sprite2DGraph.swift */,
				D03E03FB20125DF8002D47F3 /* GrasshopperFunctions.swift */,
				D03E03FE20125DF8002D47F3 /* Info.plist */,
			);
			path = GrasshopperRound2;
			sourceTree = SOURCE_ROOT;
		};
		D056A3A020177F1000C3B3B1 /* Grids */ = {
			isa = PBXGroup;
			children = (
				D056A3982015696A00C3B3B1 /* TwoMeterModel.swift */,
				D056A39C20177F0B00C3B3B1 /* Grid.swift */,
				D056A39D20177F0B00C3B3B1 /* PlanModel.swift */,
			);
			path = Grids;
			sourceTree = "<group>";
		};
		D064BDD9200D94C50032C153 /* SwiftGeometry */ = {
			isa = PBXGroup;
			children = (
				D064BDDA200D94C50032C153 /* Explorations */,
				D064BDDD200D94C60032C153 /* .gitignore */,
				D064BDDF200D94C60032C153 /* Sources */,
				D064BDF6200D94C60032C153 /* Nonstandard */,
			);
			name = SwiftGeometry;
			path = ../../../shared/SwiftGeometry;
			sourceTree = "<group>";
		};
		D064BDDA200D94C50032C153 /* Explorations */ = {
			isa = PBXGroup;
			children = (
				D064BDDB200D94C50032C153 /* CGAngle+Exploration.swift */,
			);
			path = Explorations;
			sourceTree = "<group>";
		};
		D064BDDF200D94C60032C153 /* Sources */ = {
			isa = PBXGroup;
			children = (
				D064BDE0200D94C60032C153 /* CGRect+Math.swift */,
				D064BDE1200D94C60032C153 /* CGSegment.swift */,
				D064BDE2200D94C60032C153 /* CGScale+Utility.swift */,
				D064BDE3200D94C60032C153 /* CGAngle+Utility.swift */,
				D064BDE4200D94C60032C153 /* CGRect+Utility.swift */,
				D064BDE5200D94C60032C153 /* CGAffineTransform+Utility.swift */,
				D064BDE6200D94C60032C153 /* CGAngle+Math.swift */,
				D064BDE7200D94C60032C153 /* CGSize+Utility.swift */,
				D064BDE8200D94C60032C153 /* CGPoint+Math.swift */,
				D064BDE9200D94C60032C153 /* CGAngle.swift */,
				D064BDEA200D94C60032C153 /* CGFloat+Utility.swift */,
				D064BDEB200D94C60032C153 /* CGSegment+Math.swift */,
				D064BDEC200D94C60032C153 /* CGRay.swift */,
				D064BDED200D94C60032C153 /* CGScale+Math.swift */,
				D064BDEE200D94C60032C153 /* CGVector+Utility.swift */,
				D064BDEF200D94C60032C153 /* CGVector+Math.swift */,
				D064BDF0200D94C60032C153 /* CGSize+Math.swift */,
				D064BDF1200D94C60032C153 /* CGScale.swift */,
				D064BDF2200D94C60032C153 /* CGPoint+Utility.swift */,
				D064BDF3200D94C60032C153 /* CGAffineTransform+Math.swift */,
				D064BDF4200D94C60032C153 /* CGDouble+Utility.swift */,
				D064BDF5200D94C60032C153 /* CGSegment+Utility.swift */,
			);
			path = Sources;
			sourceTree = "<group>";
		};
		D064BDF6200D94C60032C153 /* Nonstandard */ = {
			isa = PBXGroup;
			children = (
				D064BDF7200D94C60032C153 /* CGRect+Utility+Nonstandard.swift */,
				D064BDF8200D94C60032C153 /* CGVector+Utility+Nonstandard.swift */,
				D064BDF9200D94C60032C153 /* CGScale+Utility+Nonstandard.swift */,
				D064BDFA200D94C60032C153 /* CGPoint+Utility+Nonstandard.swift */,
				D064BDFB200D94C60032C153 /* CGSize+Utility+Nonstandard.swift */,
				D064BDFC200D94C60032C153 /* CGAffineTransform+Utility+Nonstandard.swift */,
				D064BDFD200D94C60032C153 /* CGAngle+Utility+Nonstandard.swift */,
			);
			path = Nonstandard;
			sourceTree = "<group>";
		};
		D0931FD520113DCA007BFCC3 /* Layouts */ = {
			isa = PBXGroup;
			children = (
				D0931FD720113DCA007BFCC3 /* MultipleLayouts.swift */,
				D0931FDA20113DCA007BFCC3 /* Layout-Logging.swift */,
				D093209420113DCB007BFCC3 /* Layout.swift */,
				D093209520113DCB007BFCC3 /* MarginLayout.swift */,
				D093215720114134007BFCC3 /* AnyLayout.swift */,
				D093209620113DCB007BFCC3 /* BackgroundLayoutSimple.swift */,
				D093209720113DCB007BFCC3 /* Layout - VirtualSize - Intrinsic */,
				D093209820113DCB007BFCC3 /* MarginIntrinsicSizeLayout.swift */,
			);
			path = Layouts;
			sourceTree = "<group>";
		};
		D093209720113DCB007BFCC3 /* Layout - VirtualSize - Intrinsic */ = {
			isa = PBXGroup;
			children = (
			);
			path = "Layout - VirtualSize - Intrinsic";
			sourceTree = "<group>";
		};
		D0AEF45D2013A6FC005F761B /* Other Stuff */ = {
			isa = PBXGroup;
			children = (
				D00069DF200BD08300E8D5F3 /* Info.plist */,
				D00069DC200BD08300E8D5F3 /* LaunchScreen.storyboard */,
				D00069DA200BD08300E8D5F3 /* Assets.xcassets */,
				D00069D7200BD08300E8D5F3 /* Main.storyboard */,
				D03E03D72011653B002D47F3 /* DeepPressGestureRecognizer.swift */,
			);
			path = "Other Stuff";
			sourceTree = "<group>";
		};
/* End PBXGroup section */

/* Begin PBXNativeTarget section */
		D00069CF200BD08300E8D5F3 /* HandlesRound1 */ = {
			isa = PBXNativeTarget;
			buildConfigurationList = D00069F8200BD08300E8D5F3 /* Build configuration list for PBXNativeTarget "HandlesRound1" */;
			buildPhases = (
				D00069CC200BD08300E8D5F3 /* Sources */,
				D00069CD200BD08300E8D5F3 /* Frameworks */,
				D00069CE200BD08300E8D5F3 /* Resources */,
			);
			buildRules = (
			);
			dependencies = (
			);
			name = HandlesRound1;
			productName = HandlesRound1;
			productReference = D00069D0200BD08300E8D5F3 /* HandlesRound1.app */;
			productType = "com.apple.product-type.application";
		};
		D00069E3200BD08300E8D5F3 /* HandlesRound1Tests */ = {
			isa = PBXNativeTarget;
			buildConfigurationList = D00069FB200BD08300E8D5F3 /* Build configuration list for PBXNativeTarget "HandlesRound1Tests" */;
			buildPhases = (
				D00069E0200BD08300E8D5F3 /* Sources */,
				D00069E1200BD08300E8D5F3 /* Frameworks */,
				D00069E2200BD08300E8D5F3 /* Resources */,
			);
			buildRules = (
			);
			dependencies = (
				D00069E6200BD08300E8D5F3 /* PBXTargetDependency */,
			);
			name = HandlesRound1Tests;
			productName = HandlesRound1Tests;
			productReference = D00069E4200BD08300E8D5F3 /* HandlesRound1Tests.xctest */;
			productType = "com.apple.product-type.bundle.unit-test";
		};
		D00069EE200BD08300E8D5F3 /* HandlesRound1UITests */ = {
			isa = PBXNativeTarget;
			buildConfigurationList = D00069FE200BD08300E8D5F3 /* Build configuration list for PBXNativeTarget "HandlesRound1UITests" */;
			buildPhases = (
				D00069EB200BD08300E8D5F3 /* Sources */,
				D00069EC200BD08300E8D5F3 /* Frameworks */,
				D00069ED200BD08300E8D5F3 /* Resources */,
			);
			buildRules = (
			);
			dependencies = (
				D00069F1200BD08300E8D5F3 /* PBXTargetDependency */,
			);
			name = HandlesRound1UITests;
			productName = HandlesRound1UITests;
			productReference = D00069EF200BD08300E8D5F3 /* HandlesRound1UITests.xctest */;
			productType = "com.apple.product-type.bundle.ui-testing";
		};
/* End PBXNativeTarget section */

/* Begin PBXProject section */
		D00069C8200BD08300E8D5F3 /* Project object */ = {
			isa = PBXProject;
			attributes = {
				LastSwiftUpdateCheck = 0920;
				LastUpgradeCheck = 0920;
				ORGANIZATIONNAME = "Justin Smith";
				TargetAttributes = {
					D00069CF200BD08300E8D5F3 = {
						CreatedOnToolsVersion = 9.2;
						ProvisioningStyle = Automatic;
					};
					D00069E3200BD08300E8D5F3 = {
						CreatedOnToolsVersion = 9.2;
						ProvisioningStyle = Automatic;
						TestTargetID = D00069CF200BD08300E8D5F3;
					};
					D00069EE200BD08300E8D5F3 = {
						CreatedOnToolsVersion = 9.2;
						ProvisioningStyle = Automatic;
						TestTargetID = D00069CF200BD08300E8D5F3;
					};
				};
			};
			buildConfigurationList = D00069CB200BD08300E8D5F3 /* Build configuration list for PBXProject "HandlesRound1" */;
			compatibilityVersion = "Xcode 8.0";
			developmentRegion = en;
			hasScannedForEncodings = 0;
			knownRegions = (
				en,
				Base,
			);
			mainGroup = D00069C7200BD08300E8D5F3;
			productRefGroup = D00069D1200BD08300E8D5F3 /* Products */;
			projectDirPath = "";
			projectRoot = "";
			targets = (
				D00069CF200BD08300E8D5F3 /* HandlesRound1 */,
				D00069E3200BD08300E8D5F3 /* HandlesRound1Tests */,
				D00069EE200BD08300E8D5F3 /* HandlesRound1UITests */,
			);
		};
/* End PBXProject section */

/* Begin PBXResourcesBuildPhase section */
		D00069CE200BD08300E8D5F3 /* Resources */ = {
			isa = PBXResourcesBuildPhase;
			buildActionMask = 2147483647;
			files = (
				D064BE00200D94C60032C153 /* .gitignore in Resources */,
				D00069DE200BD08300E8D5F3 /* LaunchScreen.storyboard in Resources */,
				D00069DB200BD08300E8D5F3 /* Assets.xcassets in Resources */,
				D00069D9200BD08300E8D5F3 /* Main.storyboard in Resources */,
				D03E040620125DF8002D47F3 /* Info.plist in Resources */,
			);
			runOnlyForDeploymentPostprocessing = 0;
		};
		D00069E2200BD08300E8D5F3 /* Resources */ = {
			isa = PBXResourcesBuildPhase;
			buildActionMask = 2147483647;
			files = (
			);
			runOnlyForDeploymentPostprocessing = 0;
		};
		D00069ED200BD08300E8D5F3 /* Resources */ = {
			isa = PBXResourcesBuildPhase;
			buildActionMask = 2147483647;
			files = (
			);
			runOnlyForDeploymentPostprocessing = 0;
		};
/* End PBXResourcesBuildPhase section */

/* Begin PBXSourcesBuildPhase section */
		D00069CC200BD08300E8D5F3 /* Sources */ = {
			isa = PBXSourcesBuildPhase;
			buildActionMask = 2147483647;
			files = (
				D056A39F20177F0B00C3B3B1 /* PlanModel.swift in Sources */,
				D064BE05200D94C60032C153 /* CGAngle+Utility.swift in Sources */,
				D064BE0D200D94C60032C153 /* CGSegment+Math.swift in Sources */,
				D064BE1B200D94C60032C153 /* CGPoint+Utility+Nonstandard.swift in Sources */,
				D064BE18200D94C60032C153 /* CGRect+Utility+Nonstandard.swift in Sources */,
				D064BE16200D94C60032C153 /* CGDouble+Utility.swift in Sources */,
				D064BE0E200D94C60032C153 /* CGRay.swift in Sources */,
				D064BE12200D94C60032C153 /* CGSize+Math.swift in Sources */,
				D064BE15200D94C60032C153 /* CGAffineTransform+Math.swift in Sources */,
				D0AEF4602013D507005F761B /* TensionedPoint.swift in Sources */,
				D093215820114134007BFCC3 /* AnyLayout.swift in Sources */,
				D03E03D82011653B002D47F3 /* DeepPressGestureRecognizer.swift in Sources */,
				D00069D6200BD08300E8D5F3 /* ViewController.swift in Sources */,
				D00069D4200BD08300E8D5F3 /* AppDelegate.swift in Sources */,
				D064BE1D200D94C60032C153 /* CGAffineTransform+Utility+Nonstandard.swift in Sources */,
				D064BE07200D94C60032C153 /* CGAffineTransform+Utility.swift in Sources */,
				D093215320113DCB007BFCC3 /* BackgroundLayoutSimple.swift in Sources */,
				D064BE17200D94C60032C153 /* CGSegment+Utility.swift in Sources */,
				D064BE04200D94C60032C153 /* CGScale+Utility.swift in Sources */,
				D064BE14200D94C60032C153 /* CGPoint+Utility.swift in Sources */,
				D056A3992015696A00C3B3B1 /* TwoMeterModel.swift in Sources */,
				D064BE0F200D94C60032C153 /* CGScale+Math.swift in Sources */,
				D064BE0C200D94C60032C153 /* CGFloat+Utility.swift in Sources */,
				D03E040020125DF8002D47F3 /* Sprite2DGraph.swift in Sources */,
				D064BE06200D94C60032C153 /* CGRect+Utility.swift in Sources */,
				D0006A02200BD09A00E8D5F3 /* HandleView.swift in Sources */,
				D064BE08200D94C60032C153 /* CGAngle+Math.swift in Sources */,
				D064BE0B200D94C60032C153 /* CGAngle.swift in Sources */,
				D03E040320125DF8002D47F3 /* GrasshopperFunctions.swift in Sources */,
				D064BE09200D94C60032C153 /* CGSize+Utility.swift in Sources */,
				D064BE02200D94C60032C153 /* CGRect+Math.swift in Sources */,
				D064BE19200D94C60032C153 /* CGVector+Utility+Nonstandard.swift in Sources */,
				D064BDFE200D94C60032C153 /* CGAngle+Exploration.swift in Sources */,
				D064BE1E200D94C60032C153 /* CGAngle+Utility+Nonstandard.swift in Sources */,
				D093215220113DCB007BFCC3 /* MarginLayout.swift in Sources */,
				D064BE13200D94C60032C153 /* CGScale.swift in Sources */,
				D064BE1C200D94C60032C153 /* CGSize+Utility+Nonstandard.swift in Sources */,
				D093215420113DCB007BFCC3 /* MarginIntrinsicSizeLayout.swift in Sources */,
				D064BE10200D94C60032C153 /* CGVector+Utility.swift in Sources */,
				D064BE0A200D94C60032C153 /* CGPoint+Math.swift in Sources */,
				D03E040520125DF8002D47F3 /* GameScene.swift in Sources */,
				D056A39E20177F0B00C3B3B1 /* Grid.swift in Sources */,
				D064BE1A200D94C60032C153 /* CGScale+Utility+Nonstandard.swift in Sources */,
				D03E03DA20124DB8002D47F3 /* Testing.swift in Sources */,
				D093215120113DCB007BFCC3 /* Layout.swift in Sources */,
				D093209A20113DCB007BFCC3 /* MultipleLayouts.swift in Sources */,
				D064BE11200D94C60032C153 /* CGVector+Math.swift in Sources */,
				D064BE03200D94C60032C153 /* CGSegment.swift in Sources */,
				D093209D20113DCB007BFCC3 /* Layout-Logging.swift in Sources */,
				D056A39B2015815000C3B3B1 /* ForwardPipe.swift in Sources */,
			);
			runOnlyForDeploymentPostprocessing = 0;
		};
		D00069E0200BD08300E8D5F3 /* Sources */ = {
			isa = PBXSourcesBuildPhase;
			buildActionMask = 2147483647;
			files = (
				D00069E9200BD08300E8D5F3 /* HandlesRound1Tests.swift in Sources */,
			);
			runOnlyForDeploymentPostprocessing = 0;
		};
		D00069EB200BD08300E8D5F3 /* Sources */ = {
			isa = PBXSourcesBuildPhase;
			buildActionMask = 2147483647;
			files = (
				D00069F4200BD08300E8D5F3 /* HandlesRound1UITests.swift in Sources */,
			);
			runOnlyForDeploymentPostprocessing = 0;
		};
/* End PBXSourcesBuildPhase section */

/* Begin PBXTargetDependency section */
		D00069E6200BD08300E8D5F3 /* PBXTargetDependency */ = {
			isa = PBXTargetDependency;
			target = D00069CF200BD08300E8D5F3 /* HandlesRound1 */;
			targetProxy = D00069E5200BD08300E8D5F3 /* PBXContainerItemProxy */;
		};
		D00069F1200BD08300E8D5F3 /* PBXTargetDependency */ = {
			isa = PBXTargetDependency;
			target = D00069CF200BD08300E8D5F3 /* HandlesRound1 */;
			targetProxy = D00069F0200BD08300E8D5F3 /* PBXContainerItemProxy */;
		};
/* End PBXTargetDependency section */

/* Begin PBXVariantGroup section */
		D00069D7200BD08300E8D5F3 /* Main.storyboard */ = {
			isa = PBXVariantGroup;
			children = (
				D00069D8200BD08300E8D5F3 /* Base */,
			);
			name = Main.storyboard;
			sourceTree = "<group>";
		};
		D00069DC200BD08300E8D5F3 /* LaunchScreen.storyboard */ = {
			isa = PBXVariantGroup;
			children = (
				D00069DD200BD08300E8D5F3 /* Base */,
			);
			name = LaunchScreen.storyboard;
			sourceTree = "<group>";
		};
/* End PBXVariantGroup section */

/* Begin XCBuildConfiguration section */
		D00069F6200BD08300E8D5F3 /* Debug */ = {
			isa = XCBuildConfiguration;
			buildSettings = {
				ALWAYS_SEARCH_USER_PATHS = NO;
				CLANG_ANALYZER_NONNULL = YES;
				CLANG_ANALYZER_NUMBER_OBJECT_CONVERSION = YES_AGGRESSIVE;
				CLANG_CXX_LANGUAGE_STANDARD = "gnu++14";
				CLANG_CXX_LIBRARY = "libc++";
				CLANG_ENABLE_MODULES = YES;
				CLANG_ENABLE_OBJC_ARC = YES;
				CLANG_WARN_BLOCK_CAPTURE_AUTORELEASING = YES;
				CLANG_WARN_BOOL_CONVERSION = YES;
				CLANG_WARN_COMMA = YES;
				CLANG_WARN_CONSTANT_CONVERSION = YES;
				CLANG_WARN_DIRECT_OBJC_ISA_USAGE = YES_ERROR;
				CLANG_WARN_DOCUMENTATION_COMMENTS = YES;
				CLANG_WARN_EMPTY_BODY = YES;
				CLANG_WARN_ENUM_CONVERSION = YES;
				CLANG_WARN_INFINITE_RECURSION = YES;
				CLANG_WARN_INT_CONVERSION = YES;
				CLANG_WARN_NON_LITERAL_NULL_CONVERSION = YES;
				CLANG_WARN_OBJC_LITERAL_CONVERSION = YES;
				CLANG_WARN_OBJC_ROOT_CLASS = YES_ERROR;
				CLANG_WARN_RANGE_LOOP_ANALYSIS = YES;
				CLANG_WARN_STRICT_PROTOTYPES = YES;
				CLANG_WARN_SUSPICIOUS_MOVE = YES;
				CLANG_WARN_UNGUARDED_AVAILABILITY = YES_AGGRESSIVE;
				CLANG_WARN_UNREACHABLE_CODE = YES;
				CLANG_WARN__DUPLICATE_METHOD_MATCH = YES;
				CODE_SIGN_IDENTITY = "iPhone Developer";
				COPY_PHASE_STRIP = NO;
				DEBUG_INFORMATION_FORMAT = dwarf;
				ENABLE_STRICT_OBJC_MSGSEND = YES;
				ENABLE_TESTABILITY = YES;
				GCC_C_LANGUAGE_STANDARD = gnu11;
				GCC_DYNAMIC_NO_PIC = NO;
				GCC_NO_COMMON_BLOCKS = YES;
				GCC_OPTIMIZATION_LEVEL = 0;
				GCC_PREPROCESSOR_DEFINITIONS = (
					"DEBUG=1",
					"$(inherited)",
				);
				GCC_WARN_64_TO_32_BIT_CONVERSION = YES;
				GCC_WARN_ABOUT_RETURN_TYPE = YES_ERROR;
				GCC_WARN_UNDECLARED_SELECTOR = YES;
				GCC_WARN_UNINITIALIZED_AUTOS = YES_AGGRESSIVE;
				GCC_WARN_UNUSED_FUNCTION = YES;
				GCC_WARN_UNUSED_VARIABLE = YES;
				IPHONEOS_DEPLOYMENT_TARGET = 11.2;
				MTL_ENABLE_DEBUG_INFO = YES;
				ONLY_ACTIVE_ARCH = YES;
				SDKROOT = iphoneos;
				SWIFT_ACTIVE_COMPILATION_CONDITIONS = DEBUG;
				SWIFT_OPTIMIZATION_LEVEL = "-Onone";
			};
			name = Debug;
		};
		D00069F7200BD08300E8D5F3 /* Release */ = {
			isa = XCBuildConfiguration;
			buildSettings = {
				ALWAYS_SEARCH_USER_PATHS = NO;
				CLANG_ANALYZER_NONNULL = YES;
				CLANG_ANALYZER_NUMBER_OBJECT_CONVERSION = YES_AGGRESSIVE;
				CLANG_CXX_LANGUAGE_STANDARD = "gnu++14";
				CLANG_CXX_LIBRARY = "libc++";
				CLANG_ENABLE_MODULES = YES;
				CLANG_ENABLE_OBJC_ARC = YES;
				CLANG_WARN_BLOCK_CAPTURE_AUTORELEASING = YES;
				CLANG_WARN_BOOL_CONVERSION = YES;
				CLANG_WARN_COMMA = YES;
				CLANG_WARN_CONSTANT_CONVERSION = YES;
				CLANG_WARN_DIRECT_OBJC_ISA_USAGE = YES_ERROR;
				CLANG_WARN_DOCUMENTATION_COMMENTS = YES;
				CLANG_WARN_EMPTY_BODY = YES;
				CLANG_WARN_ENUM_CONVERSION = YES;
				CLANG_WARN_INFINITE_RECURSION = YES;
				CLANG_WARN_INT_CONVERSION = YES;
				CLANG_WARN_NON_LITERAL_NULL_CONVERSION = YES;
				CLANG_WARN_OBJC_LITERAL_CONVERSION = YES;
				CLANG_WARN_OBJC_ROOT_CLASS = YES_ERROR;
				CLANG_WARN_RANGE_LOOP_ANALYSIS = YES;
				CLANG_WARN_STRICT_PROTOTYPES = YES;
				CLANG_WARN_SUSPICIOUS_MOVE = YES;
				CLANG_WARN_UNGUARDED_AVAILABILITY = YES_AGGRESSIVE;
				CLANG_WARN_UNREACHABLE_CODE = YES;
				CLANG_WARN__DUPLICATE_METHOD_MATCH = YES;
				CODE_SIGN_IDENTITY = "iPhone Developer";
				COPY_PHASE_STRIP = NO;
				DEBUG_INFORMATION_FORMAT = "dwarf-with-dsym";
				ENABLE_NS_ASSERTIONS = NO;
				ENABLE_STRICT_OBJC_MSGSEND = YES;
				GCC_C_LANGUAGE_STANDARD = gnu11;
				GCC_NO_COMMON_BLOCKS = YES;
				GCC_WARN_64_TO_32_BIT_CONVERSION = YES;
				GCC_WARN_ABOUT_RETURN_TYPE = YES_ERROR;
				GCC_WARN_UNDECLARED_SELECTOR = YES;
				GCC_WARN_UNINITIALIZED_AUTOS = YES_AGGRESSIVE;
				GCC_WARN_UNUSED_FUNCTION = YES;
				GCC_WARN_UNUSED_VARIABLE = YES;
				IPHONEOS_DEPLOYMENT_TARGET = 11.2;
				MTL_ENABLE_DEBUG_INFO = NO;
				SDKROOT = iphoneos;
				SWIFT_OPTIMIZATION_LEVEL = "-Owholemodule";
				VALIDATE_PRODUCT = YES;
			};
			name = Release;
		};
		D00069F9200BD08300E8D5F3 /* Debug */ = {
			isa = XCBuildConfiguration;
			buildSettings = {
				ASSETCATALOG_COMPILER_APPICON_NAME = AppIcon;
				"CODE_SIGN_IDENTITY[sdk=iphoneos*]" = "iPhone Developer";
				CODE_SIGN_STYLE = Automatic;
				DEVELOPMENT_TEAM = V69QAU95S7;
				INFOPLIST_FILE = HandlesRound1/Info.plist;
				LD_RUNPATH_SEARCH_PATHS = "$(inherited) @executable_path/Frameworks";
				PRODUCT_BUNDLE_IDENTIFIER = com.sound.HandlesRound4;
				PRODUCT_NAME = "$(TARGET_NAME)";
				PROVISIONING_PROFILE_SPECIFIER = "";
				SWIFT_VERSION = 4.0;
				TARGETED_DEVICE_FAMILY = "1,2";
			};
			name = Debug;
		};
		D00069FA200BD08300E8D5F3 /* Release */ = {
			isa = XCBuildConfiguration;
			buildSettings = {
				ASSETCATALOG_COMPILER_APPICON_NAME = AppIcon;
				"CODE_SIGN_IDENTITY[sdk=iphoneos*]" = "iPhone Developer";
				CODE_SIGN_STYLE = Automatic;
				DEVELOPMENT_TEAM = V69QAU95S7;
				INFOPLIST_FILE = HandlesRound1/Info.plist;
				LD_RUNPATH_SEARCH_PATHS = "$(inherited) @executable_path/Frameworks";
				PRODUCT_BUNDLE_IDENTIFIER = com.sound.HandlesRound4;
				PRODUCT_NAME = "$(TARGET_NAME)";
				PROVISIONING_PROFILE_SPECIFIER = "";
				SWIFT_VERSION = 4.0;
				TARGETED_DEVICE_FAMILY = "1,2";
			};
			name = Release;
		};
		D00069FC200BD08300E8D5F3 /* Debug */ = {
			isa = XCBuildConfiguration;
			buildSettings = {
				ALWAYS_EMBED_SWIFT_STANDARD_LIBRARIES = YES;
				BUNDLE_LOADER = "$(TEST_HOST)";
				CODE_SIGN_STYLE = Automatic;
				DEVELOPMENT_TEAM = V69QAU95S7;
				INFOPLIST_FILE = HandlesRound1Tests/Info.plist;
				LD_RUNPATH_SEARCH_PATHS = "$(inherited) @executable_path/Frameworks @loader_path/Frameworks";
				PRODUCT_BUNDLE_IDENTIFIER = com.sound.HandlesRound1Tests;
				PRODUCT_NAME = "$(TARGET_NAME)";
				SWIFT_VERSION = 4.0;
				TARGETED_DEVICE_FAMILY = "1,2";
				TEST_HOST = "$(BUILT_PRODUCTS_DIR)/HandlesRound1.app/HandlesRound1";
			};
			name = Debug;
		};
		D00069FD200BD08300E8D5F3 /* Release */ = {
			isa = XCBuildConfiguration;
			buildSettings = {
				ALWAYS_EMBED_SWIFT_STANDARD_LIBRARIES = YES;
				BUNDLE_LOADER = "$(TEST_HOST)";
				CODE_SIGN_STYLE = Automatic;
				DEVELOPMENT_TEAM = V69QAU95S7;
				INFOPLIST_FILE = HandlesRound1Tests/Info.plist;
				LD_RUNPATH_SEARCH_PATHS = "$(inherited) @executable_path/Frameworks @loader_path/Frameworks";
				PRODUCT_BUNDLE_IDENTIFIER = com.sound.HandlesRound1Tests;
				PRODUCT_NAME = "$(TARGET_NAME)";
				SWIFT_VERSION = 4.0;
				TARGETED_DEVICE_FAMILY = "1,2";
				TEST_HOST = "$(BUILT_PRODUCTS_DIR)/HandlesRound1.app/HandlesRound1";
			};
			name = Release;
		};
		D00069FF200BD08300E8D5F3 /* Debug */ = {
			isa = XCBuildConfiguration;
			buildSettings = {
				ALWAYS_EMBED_SWIFT_STANDARD_LIBRARIES = YES;
				CODE_SIGN_STYLE = Automatic;
				DEVELOPMENT_TEAM = V69QAU95S7;
				INFOPLIST_FILE = HandlesRound1UITests/Info.plist;
				LD_RUNPATH_SEARCH_PATHS = "$(inherited) @executable_path/Frameworks @loader_path/Frameworks";
				PRODUCT_BUNDLE_IDENTIFIER = com.sound.HandlesRound1UITests;
				PRODUCT_NAME = "$(TARGET_NAME)";
				SWIFT_VERSION = 4.0;
				TARGETED_DEVICE_FAMILY = "1,2";
				TEST_TARGET_NAME = HandlesRound1;
			};
			name = Debug;
		};
		D0006A00200BD08300E8D5F3 /* Release */ = {
			isa = XCBuildConfiguration;
			buildSettings = {
				ALWAYS_EMBED_SWIFT_STANDARD_LIBRARIES = YES;
				CODE_SIGN_STYLE = Automatic;
				DEVELOPMENT_TEAM = V69QAU95S7;
				INFOPLIST_FILE = HandlesRound1UITests/Info.plist;
				LD_RUNPATH_SEARCH_PATHS = "$(inherited) @executable_path/Frameworks @loader_path/Frameworks";
				PRODUCT_BUNDLE_IDENTIFIER = com.sound.HandlesRound1UITests;
				PRODUCT_NAME = "$(TARGET_NAME)";
				SWIFT_VERSION = 4.0;
				TARGETED_DEVICE_FAMILY = "1,2";
				TEST_TARGET_NAME = HandlesRound1;
			};
			name = Release;
		};
/* End XCBuildConfiguration section */

/* Begin XCConfigurationList section */
		D00069CB200BD08300E8D5F3 /* Build configuration list for PBXProject "HandlesRound1" */ = {
			isa = XCConfigurationList;
			buildConfigurations = (
				D00069F6200BD08300E8D5F3 /* Debug */,
				D00069F7200BD08300E8D5F3 /* Release */,
			);
			defaultConfigurationIsVisible = 0;
			defaultConfigurationName = Release;
		};
		D00069F8200BD08300E8D5F3 /* Build configuration list for PBXNativeTarget "HandlesRound1" */ = {
			isa = XCConfigurationList;
			buildConfigurations = (
				D00069F9200BD08300E8D5F3 /* Debug */,
				D00069FA200BD08300E8D5F3 /* Release */,
			);
			defaultConfigurationIsVisible = 0;
			defaultConfigurationName = Release;
		};
		D00069FB200BD08300E8D5F3 /* Build configuration list for PBXNativeTarget "HandlesRound1Tests" */ = {
			isa = XCConfigurationList;
			buildConfigurations = (
				D00069FC200BD08300E8D5F3 /* Debug */,
				D00069FD200BD08300E8D5F3 /* Release */,
			);
			defaultConfigurationIsVisible = 0;
			defaultConfigurationName = Release;
		};
		D00069FE200BD08300E8D5F3 /* Build configuration list for PBXNativeTarget "HandlesRound1UITests" */ = {
			isa = XCConfigurationList;
			buildConfigurations = (
				D00069FF200BD08300E8D5F3 /* Debug */,
				D0006A00200BD08300E8D5F3 /* Release */,
			);
			defaultConfigurationIsVisible = 0;
			defaultConfigurationName = Release;
		};
/* End XCConfigurationList section */
	};
	rootObject = D00069C8200BD08300E8D5F3 /* Project object */;
}
